// !$*UTF8*$!
{
	archiveVersion = 1;
	classes = {
	};
	objectVersion = 55;
	objects = {

/* Begin PBXBuildFile section */
		C0A16B4D284C81970045D0A8 /* ArticleDetailPresentation.swift in Sources */ = {isa = PBXBuildFile; fileRef = C0A16B4C284C81970045D0A8 /* ArticleDetailPresentation.swift */; };
		C0A16B56284C81A70045D0A8 /* ArticleDetailPresentation+Model.swift in Sources */ = {isa = PBXBuildFile; fileRef = C0A16B55284C81A70045D0A8 /* ArticleDetailPresentation+Model.swift */; };
		C0A16B63284C8BC20045D0A8 /* Util.swift in Sources */ = {isa = PBXBuildFile; fileRef = C0A16B62284C8BC20045D0A8 /* Util.swift */; };
		C0A16B66284C904B0045D0A8 /* CoreArticle.xcdatamodeld in Sources */ = {isa = PBXBuildFile; fileRef = C0A16B64284C904B0045D0A8 /* CoreArticle.xcdatamodeld */; };
		C0A16B6A284C90F00045D0A8 /* FavoriteArticle+CoreDataClass.swift in Sources */ = {isa = PBXBuildFile; fileRef = C0A16B69284C90F00045D0A8 /* FavoriteArticle+CoreDataClass.swift */; };
		C0A16B6C284C90FE0045D0A8 /* FavoriteArticle+CoreDataProperties.swift in Sources */ = {isa = PBXBuildFile; fileRef = C0A16B6B284C90FE0045D0A8 /* FavoriteArticle+CoreDataProperties.swift */; };
		C0A16B6F284C94710045D0A8 /* FavoriteListContracts.swift in Sources */ = {isa = PBXBuildFile; fileRef = C0A16B6E284C94710045D0A8 /* FavoriteListContracts.swift */; };
		C0A16B71284C947D0045D0A8 /* FavoriteListViewModel.swift in Sources */ = {isa = PBXBuildFile; fileRef = C0A16B70284C947D0045D0A8 /* FavoriteListViewModel.swift */; };
		C0A16B73284C948A0045D0A8 /* FavoriteListBuilder.swift in Sources */ = {isa = PBXBuildFile; fileRef = C0A16B72284C948A0045D0A8 /* FavoriteListBuilder.swift */; };
		C0A16B75284C949A0045D0A8 /* FavoriteListViewController.swift in Sources */ = {isa = PBXBuildFile; fileRef = C0A16B74284C949A0045D0A8 /* FavoriteListViewController.swift */; };
		C0A16B77284C94AA0045D0A8 /* FavoriteList.storyboard in Resources */ = {isa = PBXBuildFile; fileRef = C0A16B76284C94AA0045D0A8 /* FavoriteList.storyboard */; };
		C0A16B8F284CD77B0045D0A8 /* ArticleSourceView.swift in Sources */ = {isa = PBXBuildFile; fileRef = C0A16B8E284CD77B0045D0A8 /* ArticleSourceView.swift */; };
		C0A16B91284CD7900045D0A8 /* ArticleWebView.swift in Sources */ = {isa = PBXBuildFile; fileRef = C0A16B90284CD7900045D0A8 /* ArticleWebView.swift */; };
		C0E53697284BF5CD00E93762 /* AppDelegate.swift in Sources */ = {isa = PBXBuildFile; fileRef = C0E53696284BF5CD00E93762 /* AppDelegate.swift */; };
		C0E53699284BF5CD00E93762 /* SceneDelegate.swift in Sources */ = {isa = PBXBuildFile; fileRef = C0E53698284BF5CD00E93762 /* SceneDelegate.swift */; };
		C0E536A0284BF5CF00E93762 /* Assets.xcassets in Resources */ = {isa = PBXBuildFile; fileRef = C0E5369F284BF5CF00E93762 /* Assets.xcassets */; };
		C0E536A3284BF5CF00E93762 /* LaunchScreen.storyboard in Resources */ = {isa = PBXBuildFile; fileRef = C0E536A1284BF5CF00E93762 /* LaunchScreen.storyboard */; };
		C0E536AE284BF5CF00E93762 /* AppcentNewsAppTests.swift in Sources */ = {isa = PBXBuildFile; fileRef = C0E536AD284BF5CF00E93762 /* AppcentNewsAppTests.swift */; };
		C0E536B8284BF5CF00E93762 /* AppcentNewsAppUITests.swift in Sources */ = {isa = PBXBuildFile; fileRef = C0E536B7284BF5CF00E93762 /* AppcentNewsAppUITests.swift */; };
		C0E536BA284BF5CF00E93762 /* AppcentNewsAppUITestsLaunchTests.swift in Sources */ = {isa = PBXBuildFile; fileRef = C0E536B9284BF5CF00E93762 /* AppcentNewsAppUITestsLaunchTests.swift */; };
		C0E536E9284BFD2F00E93762 /* AppcentNewsAppModel.framework in Frameworks */ = {isa = PBXBuildFile; fileRef = C0E536D5284BFD1900E93762 /* AppcentNewsAppModel.framework */; platformFilter = ios; };
		C0E536EA284BFD2F00E93762 /* AppcentNewsAppModel.framework in Embed Frameworks */ = {isa = PBXBuildFile; fileRef = C0E536D5284BFD1900E93762 /* AppcentNewsAppModel.framework */; settings = {ATTRIBUTES = (CodeSignOnCopy, RemoveHeadersOnCopy, ); }; };
		C0E536EC284BFD3400E93762 /* AppcentNewsAppService.framework in Frameworks */ = {isa = PBXBuildFile; fileRef = C0E536CD284BFD1500E93762 /* AppcentNewsAppService.framework */; platformFilter = ios; };
		C0E536ED284BFD3400E93762 /* AppcentNewsAppService.framework in Embed Frameworks */ = {isa = PBXBuildFile; fileRef = C0E536CD284BFD1500E93762 /* AppcentNewsAppService.framework */; settings = {ATTRIBUTES = (CodeSignOnCopy, RemoveHeadersOnCopy, ); }; };
		C0E536EE284BFD3800E93762 /* Core.framework in Frameworks */ = {isa = PBXBuildFile; fileRef = C0E536E5284BFD2200E93762 /* Core.framework */; platformFilter = ios; };
		C0E536EF284BFD3800E93762 /* Core.framework in Embed Frameworks */ = {isa = PBXBuildFile; fileRef = C0E536E5284BFD2200E93762 /* Core.framework */; settings = {ATTRIBUTES = (CodeSignOnCopy, RemoveHeadersOnCopy, ); }; };
		C0E536F0284BFD3C00E93762 /* Networking.framework in Frameworks */ = {isa = PBXBuildFile; fileRef = C0E536DC284BFD1E00E93762 /* Networking.framework */; platformFilter = ios; };
		C0E536F1284BFD3C00E93762 /* Networking.framework in Embed Frameworks */ = {isa = PBXBuildFile; fileRef = C0E536DC284BFD1E00E93762 /* Networking.framework */; settings = {ATTRIBUTES = (CodeSignOnCopy, RemoveHeadersOnCopy, ); }; };
		C0E536F5284BFEB800E93762 /* AppContainer.swift in Sources */ = {isa = PBXBuildFile; fileRef = C0E536F4284BFEB800E93762 /* AppContainer.swift */; };
		C0E536F7284BFEC200E93762 /* AppRouter.swift in Sources */ = {isa = PBXBuildFile; fileRef = C0E536F6284BFEC200E93762 /* AppRouter.swift */; };
		C0E536FA284BFF3300E93762 /* BaseTabBarViewController.swift in Sources */ = {isa = PBXBuildFile; fileRef = C0E536F9284BFF3300E93762 /* BaseTabBarViewController.swift */; };
		C0E536FD284BFFF500E93762 /* ThemeProtocol.swift in Sources */ = {isa = PBXBuildFile; fileRef = C0E536FC284BFFF500E93762 /* ThemeProtocol.swift */; };
		C0E536FF284C000900E93762 /* ThemeObject.swift in Sources */ = {isa = PBXBuildFile; fileRef = C0E536FE284C000900E93762 /* ThemeObject.swift */; };
		C0E53702284C002800E93762 /* LightTheme.swift in Sources */ = {isa = PBXBuildFile; fileRef = C0E53701284C002800E93762 /* LightTheme.swift */; };
		C0E53706284C03C000E93762 /* Localizable.strings in Resources */ = {isa = PBXBuildFile; fileRef = C0E53708284C03C000E93762 /* Localizable.strings */; };
		C0E5370C284C045400E93762 /* LanguageObject.swift in Sources */ = {isa = PBXBuildFile; fileRef = C0E5370B284C045400E93762 /* LanguageObject.swift */; };
		C0E5370E284C047C00E93762 /* LanguageManager.swift in Sources */ = {isa = PBXBuildFile; fileRef = C0E5370D284C047C00E93762 /* LanguageManager.swift */; };
		C0E53712284C04D600E93762 /* StringExtensions.swift in Sources */ = {isa = PBXBuildFile; fileRef = C0E53711284C04D600E93762 /* StringExtensions.swift */; };
		C0E53715284C056300E93762 /* Constants.swift in Sources */ = {isa = PBXBuildFile; fileRef = C0E53714284C056300E93762 /* Constants.swift */; };
		C0E53717284C06E900E93762 /* BaseViewController.swift in Sources */ = {isa = PBXBuildFile; fileRef = C0E53716284C06E900E93762 /* BaseViewController.swift */; };
		C0E53724284C07A700E93762 /* ArticleListContracts.swift in Sources */ = {isa = PBXBuildFile; fileRef = C0E53723284C07A700E93762 /* ArticleListContracts.swift */; };
		C0E53727284C085000E93762 /* ArticlePresentation.swift in Sources */ = {isa = PBXBuildFile; fileRef = C0E53726284C085000E93762 /* ArticlePresentation.swift */; };
		C0E53729284C087500E93762 /* ArticlePresentation+Model.swift in Sources */ = {isa = PBXBuildFile; fileRef = C0E53728284C087500E93762 /* ArticlePresentation+Model.swift */; };
		C0E5372B284C08F500E93762 /* ArticleBuilder.swift in Sources */ = {isa = PBXBuildFile; fileRef = C0E5372A284C08F500E93762 /* ArticleBuilder.swift */; };
		C0E5372D284C092A00E93762 /* ArticleListViewController.swift in Sources */ = {isa = PBXBuildFile; fileRef = C0E5372C284C092A00E93762 /* ArticleListViewController.swift */; };
		C0E5372F284C093500E93762 /* ArticleListViewModel.swift in Sources */ = {isa = PBXBuildFile; fileRef = C0E5372E284C093500E93762 /* ArticleListViewModel.swift */; };
		C0E53731284C094000E93762 /* ArticleList.storyboard in Resources */ = {isa = PBXBuildFile; fileRef = C0E53730284C094000E93762 /* ArticleList.storyboard */; };
		C0E53735284C0CAD00E93762 /* ArticleCell.swift in Sources */ = {isa = PBXBuildFile; fileRef = C0E53733284C0CAD00E93762 /* ArticleCell.swift */; };
		C0E53736284C0CAD00E93762 /* ArticleCell.xib in Resources */ = {isa = PBXBuildFile; fileRef = C0E53734284C0CAD00E93762 /* ArticleCell.xib */; };
		C0E53738284C0DF400E93762 /* LoadingMoreFooterView.swift in Sources */ = {isa = PBXBuildFile; fileRef = C0E53737284C0DF400E93762 /* LoadingMoreFooterView.swift */; };
		C0E5373A284C0E3400E93762 /* LoadingMoreFooterView.xib in Resources */ = {isa = PBXBuildFile; fileRef = C0E53739284C0E3400E93762 /* LoadingMoreFooterView.xib */; };
		C0E5373D284C12DC00E93762 /* ImageCaching.swift in Sources */ = {isa = PBXBuildFile; fileRef = C0E5373C284C12DC00E93762 /* ImageCaching.swift */; };
		C0E53744284C16AB00E93762 /* ArticleDetailContracts.swift in Sources */ = {isa = PBXBuildFile; fileRef = C0E53743284C16AB00E93762 /* ArticleDetailContracts.swift */; };
		C0E53746284C16BA00E93762 /* ArticleDetailBuilder.swift in Sources */ = {isa = PBXBuildFile; fileRef = C0E53745284C16BA00E93762 /* ArticleDetailBuilder.swift */; };
		C0E53748284C16CA00E93762 /* ArticleDetailViewController.swift in Sources */ = {isa = PBXBuildFile; fileRef = C0E53747284C16CA00E93762 /* ArticleDetailViewController.swift */; };
		C0E5374A284C16D700E93762 /* ArticleDetailViewModel.swift in Sources */ = {isa = PBXBuildFile; fileRef = C0E53749284C16D700E93762 /* ArticleDetailViewModel.swift */; };
		C0E5374E284C16FA00E93762 /* ArticleDetail.storyboard in Resources */ = {isa = PBXBuildFile; fileRef = C0E5374D284C16FA00E93762 /* ArticleDetail.storyboard */; };
/* End PBXBuildFile section */

/* Begin PBXContainerItemProxy section */
		C0E536AA284BF5CF00E93762 /* PBXContainerItemProxy */ = {
			isa = PBXContainerItemProxy;
			containerPortal = C0E5368B284BF5CD00E93762 /* Project object */;
			proxyType = 1;
			remoteGlobalIDString = C0E53692284BF5CD00E93762;
			remoteInfo = AppcentNewsApp;
		};
		C0E536B4284BF5CF00E93762 /* PBXContainerItemProxy */ = {
			isa = PBXContainerItemProxy;
			containerPortal = C0E5368B284BF5CD00E93762 /* Project object */;
			proxyType = 1;
			remoteGlobalIDString = C0E53692284BF5CD00E93762;
			remoteInfo = AppcentNewsApp;
		};
		C0E536CC284BFD1500E93762 /* PBXContainerItemProxy */ = {
			isa = PBXContainerItemProxy;
			containerPortal = C0E536C7284BFD1500E93762 /* AppcentNewsAppService.xcodeproj */;
			proxyType = 2;
			remoteGlobalIDString = C0E5363B284BF13700E93762;
			remoteInfo = AppcentNewsAppService;
		};
		C0E536CE284BFD1500E93762 /* PBXContainerItemProxy */ = {
			isa = PBXContainerItemProxy;
			containerPortal = C0E536C7284BFD1500E93762 /* AppcentNewsAppService.xcodeproj */;
			proxyType = 2;
			remoteGlobalIDString = C0E53643284BF13700E93762;
			remoteInfo = AppcentNewsAppServiceTests;
		};
		C0E536D4284BFD1900E93762 /* PBXContainerItemProxy */ = {
			isa = PBXContainerItemProxy;
			containerPortal = C0E536D0284BFD1900E93762 /* AppcentNewsAppModel.xcodeproj */;
			proxyType = 2;
			remoteGlobalIDString = C0E5361F284BEF0B00E93762;
			remoteInfo = AppcentNewsAppModel;
		};
		C0E536DB284BFD1E00E93762 /* PBXContainerItemProxy */ = {
			isa = PBXContainerItemProxy;
			containerPortal = C0E536D6284BFD1E00E93762 /* Networking.xcodeproj */;
			proxyType = 2;
			remoteGlobalIDString = C0E535E4284BEC2D00E93762;
			remoteInfo = Networking;
		};
		C0E536DD284BFD1E00E93762 /* PBXContainerItemProxy */ = {
			isa = PBXContainerItemProxy;
			containerPortal = C0E536D6284BFD1E00E93762 /* Networking.xcodeproj */;
			proxyType = 2;
			remoteGlobalIDString = C0E535EC284BEC2D00E93762;
			remoteInfo = NetworkingTests;
		};
		C0E536E4284BFD2200E93762 /* PBXContainerItemProxy */ = {
			isa = PBXContainerItemProxy;
			containerPortal = C0E536DF284BFD2200E93762 /* Core.xcodeproj */;
			proxyType = 2;
			remoteGlobalIDString = C0E535B3284BEB2500E93762;
			remoteInfo = Core;
		};
		C0E536E6284BFD2200E93762 /* PBXContainerItemProxy */ = {
			isa = PBXContainerItemProxy;
			containerPortal = C0E536DF284BFD2200E93762 /* Core.xcodeproj */;
			proxyType = 2;
			remoteGlobalIDString = C0E535BB284BEB2500E93762;
			remoteInfo = CoreTests;
		};
/* End PBXContainerItemProxy section */

/* Begin PBXCopyFilesBuildPhase section */
		C0E536EB284BFD2F00E93762 /* Embed Frameworks */ = {
			isa = PBXCopyFilesBuildPhase;
			buildActionMask = 2147483647;
			dstPath = "";
			dstSubfolderSpec = 10;
			files = (
				C0E536F1284BFD3C00E93762 /* Networking.framework in Embed Frameworks */,
				C0E536EA284BFD2F00E93762 /* AppcentNewsAppModel.framework in Embed Frameworks */,
				C0E536EF284BFD3800E93762 /* Core.framework in Embed Frameworks */,
				C0E536ED284BFD3400E93762 /* AppcentNewsAppService.framework in Embed Frameworks */,
			);
			name = "Embed Frameworks";
			runOnlyForDeploymentPostprocessing = 0;
		};
/* End PBXCopyFilesBuildPhase section */

/* Begin PBXFileReference section */
		C0A16B4C284C81970045D0A8 /* ArticleDetailPresentation.swift */ = {isa = PBXFileReference; lastKnownFileType = sourcecode.swift; path = ArticleDetailPresentation.swift; sourceTree = "<group>"; };
		C0A16B55284C81A70045D0A8 /* ArticleDetailPresentation+Model.swift */ = {isa = PBXFileReference; lastKnownFileType = sourcecode.swift; path = "ArticleDetailPresentation+Model.swift"; sourceTree = "<group>"; };
		C0A16B62284C8BC20045D0A8 /* Util.swift */ = {isa = PBXFileReference; lastKnownFileType = sourcecode.swift; path = Util.swift; sourceTree = "<group>"; };
		C0A16B65284C904B0045D0A8 /* CoreArticle.xcdatamodel */ = {isa = PBXFileReference; lastKnownFileType = wrapper.xcdatamodel; path = CoreArticle.xcdatamodel; sourceTree = "<group>"; };
		C0A16B69284C90F00045D0A8 /* FavoriteArticle+CoreDataClass.swift */ = {isa = PBXFileReference; lastKnownFileType = sourcecode.swift; path = "FavoriteArticle+CoreDataClass.swift"; sourceTree = "<group>"; };
		C0A16B6B284C90FE0045D0A8 /* FavoriteArticle+CoreDataProperties.swift */ = {isa = PBXFileReference; lastKnownFileType = sourcecode.swift; path = "FavoriteArticle+CoreDataProperties.swift"; sourceTree = "<group>"; };
		C0A16B6E284C94710045D0A8 /* FavoriteListContracts.swift */ = {isa = PBXFileReference; lastKnownFileType = sourcecode.swift; path = FavoriteListContracts.swift; sourceTree = "<group>"; };
		C0A16B70284C947D0045D0A8 /* FavoriteListViewModel.swift */ = {isa = PBXFileReference; lastKnownFileType = sourcecode.swift; path = FavoriteListViewModel.swift; sourceTree = "<group>"; };
		C0A16B72284C948A0045D0A8 /* FavoriteListBuilder.swift */ = {isa = PBXFileReference; lastKnownFileType = sourcecode.swift; path = FavoriteListBuilder.swift; sourceTree = "<group>"; };
		C0A16B74284C949A0045D0A8 /* FavoriteListViewController.swift */ = {isa = PBXFileReference; lastKnownFileType = sourcecode.swift; path = FavoriteListViewController.swift; sourceTree = "<group>"; };
		C0A16B76284C94AA0045D0A8 /* FavoriteList.storyboard */ = {isa = PBXFileReference; lastKnownFileType = file.storyboard; path = FavoriteList.storyboard; sourceTree = "<group>"; };
		C0A16B8E284CD77B0045D0A8 /* ArticleSourceView.swift */ = {isa = PBXFileReference; lastKnownFileType = sourcecode.swift; path = ArticleSourceView.swift; sourceTree = "<group>"; };
		C0A16B90284CD7900045D0A8 /* ArticleWebView.swift */ = {isa = PBXFileReference; lastKnownFileType = sourcecode.swift; path = ArticleWebView.swift; sourceTree = "<group>"; };
		C0E53693284BF5CD00E93762 /* AppcentNewsApp.app */ = {isa = PBXFileReference; explicitFileType = wrapper.application; includeInIndex = 0; path = AppcentNewsApp.app; sourceTree = BUILT_PRODUCTS_DIR; };
		C0E53696284BF5CD00E93762 /* AppDelegate.swift */ = {isa = PBXFileReference; lastKnownFileType = sourcecode.swift; path = AppDelegate.swift; sourceTree = "<group>"; };
		C0E53698284BF5CD00E93762 /* SceneDelegate.swift */ = {isa = PBXFileReference; lastKnownFileType = sourcecode.swift; path = SceneDelegate.swift; sourceTree = "<group>"; };
		C0E5369F284BF5CF00E93762 /* Assets.xcassets */ = {isa = PBXFileReference; lastKnownFileType = folder.assetcatalog; path = Assets.xcassets; sourceTree = "<group>"; };
		C0E536A2284BF5CF00E93762 /* Base */ = {isa = PBXFileReference; lastKnownFileType = file.storyboard; name = Base; path = Base.lproj/LaunchScreen.storyboard; sourceTree = "<group>"; };
		C0E536A4284BF5CF00E93762 /* Info.plist */ = {isa = PBXFileReference; lastKnownFileType = text.plist.xml; path = Info.plist; sourceTree = "<group>"; };
		C0E536A9284BF5CF00E93762 /* AppcentNewsAppTests.xctest */ = {isa = PBXFileReference; explicitFileType = wrapper.cfbundle; includeInIndex = 0; path = AppcentNewsAppTests.xctest; sourceTree = BUILT_PRODUCTS_DIR; };
		C0E536AD284BF5CF00E93762 /* AppcentNewsAppTests.swift */ = {isa = PBXFileReference; lastKnownFileType = sourcecode.swift; path = AppcentNewsAppTests.swift; sourceTree = "<group>"; };
		C0E536B3284BF5CF00E93762 /* AppcentNewsAppUITests.xctest */ = {isa = PBXFileReference; explicitFileType = wrapper.cfbundle; includeInIndex = 0; path = AppcentNewsAppUITests.xctest; sourceTree = BUILT_PRODUCTS_DIR; };
		C0E536B7284BF5CF00E93762 /* AppcentNewsAppUITests.swift */ = {isa = PBXFileReference; lastKnownFileType = sourcecode.swift; path = AppcentNewsAppUITests.swift; sourceTree = "<group>"; };
		C0E536B9284BF5CF00E93762 /* AppcentNewsAppUITestsLaunchTests.swift */ = {isa = PBXFileReference; lastKnownFileType = sourcecode.swift; path = AppcentNewsAppUITestsLaunchTests.swift; sourceTree = "<group>"; };
		C0E536C7284BFD1500E93762 /* AppcentNewsAppService.xcodeproj */ = {isa = PBXFileReference; lastKnownFileType = "wrapper.pb-project"; name = AppcentNewsAppService.xcodeproj; path = ../../AppcentNewsAppService/AppcentNewsAppService.xcodeproj; sourceTree = "<group>"; };
		C0E536D0284BFD1900E93762 /* AppcentNewsAppModel.xcodeproj */ = {isa = PBXFileReference; lastKnownFileType = "wrapper.pb-project"; name = AppcentNewsAppModel.xcodeproj; path = ../../AppcentNewsAppModel/AppcentNewsAppModel.xcodeproj; sourceTree = "<group>"; };
		C0E536D6284BFD1E00E93762 /* Networking.xcodeproj */ = {isa = PBXFileReference; lastKnownFileType = "wrapper.pb-project"; name = Networking.xcodeproj; path = ../../Networking/Networking.xcodeproj; sourceTree = "<group>"; };
		C0E536DF284BFD2200E93762 /* Core.xcodeproj */ = {isa = PBXFileReference; lastKnownFileType = "wrapper.pb-project"; name = Core.xcodeproj; path = ../../Core/Core.xcodeproj; sourceTree = "<group>"; };
		C0E536F4284BFEB800E93762 /* AppContainer.swift */ = {isa = PBXFileReference; lastKnownFileType = sourcecode.swift; path = AppContainer.swift; sourceTree = "<group>"; };
		C0E536F6284BFEC200E93762 /* AppRouter.swift */ = {isa = PBXFileReference; lastKnownFileType = sourcecode.swift; path = AppRouter.swift; sourceTree = "<group>"; };
		C0E536F9284BFF3300E93762 /* BaseTabBarViewController.swift */ = {isa = PBXFileReference; lastKnownFileType = sourcecode.swift; path = BaseTabBarViewController.swift; sourceTree = "<group>"; };
		C0E536FC284BFFF500E93762 /* ThemeProtocol.swift */ = {isa = PBXFileReference; lastKnownFileType = sourcecode.swift; path = ThemeProtocol.swift; sourceTree = "<group>"; };
		C0E536FE284C000900E93762 /* ThemeObject.swift */ = {isa = PBXFileReference; lastKnownFileType = sourcecode.swift; path = ThemeObject.swift; sourceTree = "<group>"; };
		C0E53701284C002800E93762 /* LightTheme.swift */ = {isa = PBXFileReference; lastKnownFileType = sourcecode.swift; path = LightTheme.swift; sourceTree = "<group>"; };
		C0E53703284C035F00E93762 /* tr */ = {isa = PBXFileReference; lastKnownFileType = text.plist.strings; name = tr; path = tr.lproj/LaunchScreen.strings; sourceTree = "<group>"; };
		C0E53707284C03C000E93762 /* en */ = {isa = PBXFileReference; lastKnownFileType = text.plist.strings; name = en; path = en.lproj/Localizable.strings; sourceTree = "<group>"; };
		C0E53709284C03C300E93762 /* tr */ = {isa = PBXFileReference; lastKnownFileType = text.plist.strings; name = tr; path = tr.lproj/Localizable.strings; sourceTree = "<group>"; };
		C0E5370B284C045400E93762 /* LanguageObject.swift */ = {isa = PBXFileReference; lastKnownFileType = sourcecode.swift; path = LanguageObject.swift; sourceTree = "<group>"; };
		C0E5370D284C047C00E93762 /* LanguageManager.swift */ = {isa = PBXFileReference; lastKnownFileType = sourcecode.swift; path = LanguageManager.swift; sourceTree = "<group>"; };
		C0E53711284C04D600E93762 /* StringExtensions.swift */ = {isa = PBXFileReference; lastKnownFileType = sourcecode.swift; path = StringExtensions.swift; sourceTree = "<group>"; };
		C0E53714284C056300E93762 /* Constants.swift */ = {isa = PBXFileReference; lastKnownFileType = sourcecode.swift; path = Constants.swift; sourceTree = "<group>"; };
		C0E53716284C06E900E93762 /* BaseViewController.swift */ = {isa = PBXFileReference; lastKnownFileType = sourcecode.swift; path = BaseViewController.swift; sourceTree = "<group>"; };
		C0E53723284C07A700E93762 /* ArticleListContracts.swift */ = {isa = PBXFileReference; lastKnownFileType = sourcecode.swift; path = ArticleListContracts.swift; sourceTree = "<group>"; };
		C0E53726284C085000E93762 /* ArticlePresentation.swift */ = {isa = PBXFileReference; lastKnownFileType = sourcecode.swift; path = ArticlePresentation.swift; sourceTree = "<group>"; };
		C0E53728284C087500E93762 /* ArticlePresentation+Model.swift */ = {isa = PBXFileReference; lastKnownFileType = sourcecode.swift; path = "ArticlePresentation+Model.swift"; sourceTree = "<group>"; };
		C0E5372A284C08F500E93762 /* ArticleBuilder.swift */ = {isa = PBXFileReference; lastKnownFileType = sourcecode.swift; path = ArticleBuilder.swift; sourceTree = "<group>"; };
		C0E5372C284C092A00E93762 /* ArticleListViewController.swift */ = {isa = PBXFileReference; lastKnownFileType = sourcecode.swift; path = ArticleListViewController.swift; sourceTree = "<group>"; };
		C0E5372E284C093500E93762 /* ArticleListViewModel.swift */ = {isa = PBXFileReference; lastKnownFileType = sourcecode.swift; path = ArticleListViewModel.swift; sourceTree = "<group>"; };
		C0E53730284C094000E93762 /* ArticleList.storyboard */ = {isa = PBXFileReference; lastKnownFileType = file.storyboard; path = ArticleList.storyboard; sourceTree = "<group>"; };
		C0E53733284C0CAD00E93762 /* ArticleCell.swift */ = {isa = PBXFileReference; lastKnownFileType = sourcecode.swift; path = ArticleCell.swift; sourceTree = "<group>"; };
		C0E53734284C0CAD00E93762 /* ArticleCell.xib */ = {isa = PBXFileReference; lastKnownFileType = file.xib; path = ArticleCell.xib; sourceTree = "<group>"; };
		C0E53737284C0DF400E93762 /* LoadingMoreFooterView.swift */ = {isa = PBXFileReference; lastKnownFileType = sourcecode.swift; path = LoadingMoreFooterView.swift; sourceTree = "<group>"; };
		C0E53739284C0E3400E93762 /* LoadingMoreFooterView.xib */ = {isa = PBXFileReference; lastKnownFileType = file.xib; path = LoadingMoreFooterView.xib; sourceTree = "<group>"; };
		C0E5373C284C12DC00E93762 /* ImageCaching.swift */ = {isa = PBXFileReference; lastKnownFileType = sourcecode.swift; path = ImageCaching.swift; sourceTree = "<group>"; };
		C0E53743284C16AB00E93762 /* ArticleDetailContracts.swift */ = {isa = PBXFileReference; lastKnownFileType = sourcecode.swift; path = ArticleDetailContracts.swift; sourceTree = "<group>"; };
		C0E53745284C16BA00E93762 /* ArticleDetailBuilder.swift */ = {isa = PBXFileReference; lastKnownFileType = sourcecode.swift; path = ArticleDetailBuilder.swift; sourceTree = "<group>"; };
		C0E53747284C16CA00E93762 /* ArticleDetailViewController.swift */ = {isa = PBXFileReference; lastKnownFileType = sourcecode.swift; path = ArticleDetailViewController.swift; sourceTree = "<group>"; };
		C0E53749284C16D700E93762 /* ArticleDetailViewModel.swift */ = {isa = PBXFileReference; lastKnownFileType = sourcecode.swift; path = ArticleDetailViewModel.swift; sourceTree = "<group>"; };
		C0E5374D284C16FA00E93762 /* ArticleDetail.storyboard */ = {isa = PBXFileReference; lastKnownFileType = file.storyboard; path = ArticleDetail.storyboard; sourceTree = "<group>"; };
/* End PBXFileReference section */

/* Begin PBXFrameworksBuildPhase section */
		C0E53690284BF5CD00E93762 /* Frameworks */ = {
			isa = PBXFrameworksBuildPhase;
			buildActionMask = 2147483647;
			files = (
				C0E536F0284BFD3C00E93762 /* Networking.framework in Frameworks */,
				C0E536E9284BFD2F00E93762 /* AppcentNewsAppModel.framework in Frameworks */,
				C0E536EE284BFD3800E93762 /* Core.framework in Frameworks */,
				C0E536EC284BFD3400E93762 /* AppcentNewsAppService.framework in Frameworks */,
			);
			runOnlyForDeploymentPostprocessing = 0;
		};
		C0E536A6284BF5CF00E93762 /* Frameworks */ = {
			isa = PBXFrameworksBuildPhase;
			buildActionMask = 2147483647;
			files = (
			);
			runOnlyForDeploymentPostprocessing = 0;
		};
		C0E536B0284BF5CF00E93762 /* Frameworks */ = {
			isa = PBXFrameworksBuildPhase;
			buildActionMask = 2147483647;
			files = (
			);
			runOnlyForDeploymentPostprocessing = 0;
		};
/* End PBXFrameworksBuildPhase section */

/* Begin PBXGroup section */
		C0A16B67284C90D10045D0A8 /* Models */ = {
			isa = PBXGroup;
			children = (
				C0A16B68284C90DA0045D0A8 /* CoreDataModels */,
			);
			path = Models;
			sourceTree = "<group>";
		};
		C0A16B68284C90DA0045D0A8 /* CoreDataModels */ = {
			isa = PBXGroup;
			children = (
				C0A16B69284C90F00045D0A8 /* FavoriteArticle+CoreDataClass.swift */,
				C0A16B6B284C90FE0045D0A8 /* FavoriteArticle+CoreDataProperties.swift */,
			);
			path = CoreDataModels;
			sourceTree = "<group>";
		};
		C0A16B6D284C945A0045D0A8 /* FavoriteList */ = {
			isa = PBXGroup;
			children = (
				C0A16B6E284C94710045D0A8 /* FavoriteListContracts.swift */,
				C0A16B72284C948A0045D0A8 /* FavoriteListBuilder.swift */,
				C0A16B74284C949A0045D0A8 /* FavoriteListViewController.swift */,
				C0A16B70284C947D0045D0A8 /* FavoriteListViewModel.swift */,
				C0A16B76284C94AA0045D0A8 /* FavoriteList.storyboard */,
			);
			path = FavoriteList;
			sourceTree = "<group>";
		};
		C0A16B8D284CD75A0045D0A8 /* ArticleSource */ = {
			isa = PBXGroup;
			children = (
				C0A16B90284CD7900045D0A8 /* ArticleWebView.swift */,
				C0A16B8E284CD77B0045D0A8 /* ArticleSourceView.swift */,
			);
			path = ArticleSource;
			sourceTree = "<group>";
		};
		C0E5368A284BF5CD00E93762 = {
			isa = PBXGroup;
			children = (
				C0E53695284BF5CD00E93762 /* AppcentNewsApp */,
				C0E536AC284BF5CF00E93762 /* AppcentNewsAppTests */,
				C0E536B6284BF5CF00E93762 /* AppcentNewsAppUITests */,
				C0E536C6284BFD0800E93762 /* Vendor */,
				C0E53694284BF5CD00E93762 /* Products */,
				C0E536E8284BFD2F00E93762 /* Frameworks */,
			);
			sourceTree = "<group>";
		};
		C0E53694284BF5CD00E93762 /* Products */ = {
			isa = PBXGroup;
			children = (
				C0E53693284BF5CD00E93762 /* AppcentNewsApp.app */,
				C0E536A9284BF5CF00E93762 /* AppcentNewsAppTests.xctest */,
				C0E536B3284BF5CF00E93762 /* AppcentNewsAppUITests.xctest */,
			);
			name = Products;
			sourceTree = "<group>";
		};
		C0E53695284BF5CD00E93762 /* AppcentNewsApp */ = {
			isa = PBXGroup;
			children = (
				C0E536F3284BFEA200E93762 /* App */,
				C0E536F8284BFF0C00E93762 /* Scenes */,
				C0A16B67284C90D10045D0A8 /* Models */,
				C0E5370F284C04B000E93762 /* Commons */,
				C0E536FB284BFFDC00E93762 /* Theme */,
				C0E5370A284C044000E93762 /* Language */,
				C0E536F2284BFE4100E93762 /* Resources */,
			);
			path = AppcentNewsApp;
			sourceTree = "<group>";
		};
		C0E536AC284BF5CF00E93762 /* AppcentNewsAppTests */ = {
			isa = PBXGroup;
			children = (
				C0E536AD284BF5CF00E93762 /* AppcentNewsAppTests.swift */,
			);
			path = AppcentNewsAppTests;
			sourceTree = "<group>";
		};
		C0E536B6284BF5CF00E93762 /* AppcentNewsAppUITests */ = {
			isa = PBXGroup;
			children = (
				C0E536B7284BF5CF00E93762 /* AppcentNewsAppUITests.swift */,
				C0E536B9284BF5CF00E93762 /* AppcentNewsAppUITestsLaunchTests.swift */,
			);
			path = AppcentNewsAppUITests;
			sourceTree = "<group>";
		};
		C0E536C6284BFD0800E93762 /* Vendor */ = {
			isa = PBXGroup;
			children = (
				C0E536DF284BFD2200E93762 /* Core.xcodeproj */,
				C0E536D6284BFD1E00E93762 /* Networking.xcodeproj */,
				C0E536D0284BFD1900E93762 /* AppcentNewsAppModel.xcodeproj */,
				C0E536C7284BFD1500E93762 /* AppcentNewsAppService.xcodeproj */,
			);
			path = Vendor;
			sourceTree = "<group>";
		};
		C0E536C8284BFD1500E93762 /* Products */ = {
			isa = PBXGroup;
			children = (
				C0E536CD284BFD1500E93762 /* AppcentNewsAppService.framework */,
				C0E536CF284BFD1500E93762 /* AppcentNewsAppServiceTests.xctest */,
			);
			name = Products;
			sourceTree = "<group>";
		};
		C0E536D1284BFD1900E93762 /* Products */ = {
			isa = PBXGroup;
			children = (
				C0E536D5284BFD1900E93762 /* AppcentNewsAppModel.framework */,
			);
			name = Products;
			sourceTree = "<group>";
		};
		C0E536D7284BFD1E00E93762 /* Products */ = {
			isa = PBXGroup;
			children = (
				C0E536DC284BFD1E00E93762 /* Networking.framework */,
				C0E536DE284BFD1E00E93762 /* NetworkingTests.xctest */,
			);
			name = Products;
			sourceTree = "<group>";
		};
		C0E536E0284BFD2200E93762 /* Products */ = {
			isa = PBXGroup;
			children = (
				C0E536E5284BFD2200E93762 /* Core.framework */,
				C0E536E7284BFD2200E93762 /* CoreTests.xctest */,
			);
			name = Products;
			sourceTree = "<group>";
		};
		C0E536E8284BFD2F00E93762 /* Frameworks */ = {
			isa = PBXGroup;
			children = (
			);
			name = Frameworks;
			sourceTree = "<group>";
		};
		C0E536F2284BFE4100E93762 /* Resources */ = {
			isa = PBXGroup;
			children = (
				C0E5369F284BF5CF00E93762 /* Assets.xcassets */,
				C0E536A1284BF5CF00E93762 /* LaunchScreen.storyboard */,
				C0E536A4284BF5CF00E93762 /* Info.plist */,
				C0E53708284C03C000E93762 /* Localizable.strings */,
				C0A16B64284C904B0045D0A8 /* CoreArticle.xcdatamodeld */,
			);
			path = Resources;
			sourceTree = "<group>";
		};
		C0E536F3284BFEA200E93762 /* App */ = {
			isa = PBXGroup;
			children = (
				C0E53696284BF5CD00E93762 /* AppDelegate.swift */,
				C0E53698284BF5CD00E93762 /* SceneDelegate.swift */,
				C0E536F4284BFEB800E93762 /* AppContainer.swift */,
				C0E536F6284BFEC200E93762 /* AppRouter.swift */,
			);
			path = App;
			sourceTree = "<group>";
		};
		C0E536F8284BFF0C00E93762 /* Scenes */ = {
			isa = PBXGroup;
			children = (
				C0E53716284C06E900E93762 /* BaseViewController.swift */,
				C0E536F9284BFF3300E93762 /* BaseTabBarViewController.swift */,
				C0E53732284C0C8B00E93762 /* Cells */,
				C0E53722284C078600E93762 /* ArticleList */,
				C0A16B6D284C945A0045D0A8 /* FavoriteList */,
				C0E53742284C168800E93762 /* ArticleDetail */,
				C0A16B8D284CD75A0045D0A8 /* ArticleSource */,
			);
			path = Scenes;
			sourceTree = "<group>";
		};
		C0E536FB284BFFDC00E93762 /* Theme */ = {
			isa = PBXGroup;
			children = (
				C0E536FC284BFFF500E93762 /* ThemeProtocol.swift */,
				C0E536FE284C000900E93762 /* ThemeObject.swift */,
				C0E53700284C001700E93762 /* Themes */,
			);
			path = Theme;
			sourceTree = "<group>";
		};
		C0E53700284C001700E93762 /* Themes */ = {
			isa = PBXGroup;
			children = (
				C0E53701284C002800E93762 /* LightTheme.swift */,
			);
			path = Themes;
			sourceTree = "<group>";
		};
		C0E5370A284C044000E93762 /* Language */ = {
			isa = PBXGroup;
			children = (
				C0E5370B284C045400E93762 /* LanguageObject.swift */,
				C0E5370D284C047C00E93762 /* LanguageManager.swift */,
			);
			path = Language;
			sourceTree = "<group>";
		};
		C0E5370F284C04B000E93762 /* Commons */ = {
			isa = PBXGroup;
			children = (
				C0E5373B284C12C800E93762 /* ImageCaching */,
				C0E53725284C082700E93762 /* Presentations */,
				C0E53713284C054B00E93762 /* Utilities */,
				C0E53710284C04BD00E93762 /* Extensions */,
			);
			path = Commons;
			sourceTree = "<group>";
		};
		C0E53710284C04BD00E93762 /* Extensions */ = {
			isa = PBXGroup;
			children = (
				C0E53711284C04D600E93762 /* StringExtensions.swift */,
			);
			path = Extensions;
			sourceTree = "<group>";
		};
		C0E53713284C054B00E93762 /* Utilities */ = {
			isa = PBXGroup;
			children = (
				C0E53714284C056300E93762 /* Constants.swift */,
				C0A16B62284C8BC20045D0A8 /* Util.swift */,
			);
			path = Utilities;
			sourceTree = "<group>";
		};
		C0E53722284C078600E93762 /* ArticleList */ = {
			isa = PBXGroup;
			children = (
				C0E53723284C07A700E93762 /* ArticleListContracts.swift */,
				C0E5372A284C08F500E93762 /* ArticleBuilder.swift */,
				C0E5372C284C092A00E93762 /* ArticleListViewController.swift */,
				C0E5372E284C093500E93762 /* ArticleListViewModel.swift */,
				C0E53730284C094000E93762 /* ArticleList.storyboard */,
			);
			path = ArticleList;
			sourceTree = "<group>";
		};
		C0E53725284C082700E93762 /* Presentations */ = {
			isa = PBXGroup;
			children = (
				C0E53726284C085000E93762 /* ArticlePresentation.swift */,
				C0E53728284C087500E93762 /* ArticlePresentation+Model.swift */,
				C0A16B4C284C81970045D0A8 /* ArticleDetailPresentation.swift */,
				C0A16B55284C81A70045D0A8 /* ArticleDetailPresentation+Model.swift */,
			);
			path = Presentations;
			sourceTree = "<group>";
		};
		C0E53732284C0C8B00E93762 /* Cells */ = {
			isa = PBXGroup;
			children = (
				C0E53733284C0CAD00E93762 /* ArticleCell.swift */,
				C0E53734284C0CAD00E93762 /* ArticleCell.xib */,
				C0E53737284C0DF400E93762 /* LoadingMoreFooterView.swift */,
				C0E53739284C0E3400E93762 /* LoadingMoreFooterView.xib */,
			);
			path = Cells;
			sourceTree = "<group>";
		};
		C0E5373B284C12C800E93762 /* ImageCaching */ = {
			isa = PBXGroup;
			children = (
				C0E5373C284C12DC00E93762 /* ImageCaching.swift */,
			);
			path = ImageCaching;
			sourceTree = "<group>";
		};
		C0E53742284C168800E93762 /* ArticleDetail */ = {
			isa = PBXGroup;
			children = (
				C0E53743284C16AB00E93762 /* ArticleDetailContracts.swift */,
				C0E53745284C16BA00E93762 /* ArticleDetailBuilder.swift */,
				C0E53747284C16CA00E93762 /* ArticleDetailViewController.swift */,
				C0E53749284C16D700E93762 /* ArticleDetailViewModel.swift */,
				C0E5374D284C16FA00E93762 /* ArticleDetail.storyboard */,
			);
			path = ArticleDetail;
			sourceTree = "<group>";
		};
/* End PBXGroup section */

/* Begin PBXNativeTarget section */
		C0E53692284BF5CD00E93762 /* AppcentNewsApp */ = {
			isa = PBXNativeTarget;
			buildConfigurationList = C0E536BD284BF5CF00E93762 /* Build configuration list for PBXNativeTarget "AppcentNewsApp" */;
			buildPhases = (
				C0E5368F284BF5CD00E93762 /* Sources */,
				C0E53690284BF5CD00E93762 /* Frameworks */,
				C0E53691284BF5CD00E93762 /* Resources */,
				C0E536EB284BFD2F00E93762 /* Embed Frameworks */,
			);
			buildRules = (
			);
			dependencies = (
			);
			name = AppcentNewsApp;
			productName = AppcentNewsApp;
			productReference = C0E53693284BF5CD00E93762 /* AppcentNewsApp.app */;
			productType = "com.apple.product-type.application";
		};
		C0E536A8284BF5CF00E93762 /* AppcentNewsAppTests */ = {
			isa = PBXNativeTarget;
			buildConfigurationList = C0E536C0284BF5CF00E93762 /* Build configuration list for PBXNativeTarget "AppcentNewsAppTests" */;
			buildPhases = (
				C0E536A5284BF5CF00E93762 /* Sources */,
				C0E536A6284BF5CF00E93762 /* Frameworks */,
				C0E536A7284BF5CF00E93762 /* Resources */,
			);
			buildRules = (
			);
			dependencies = (
				C0E536AB284BF5CF00E93762 /* PBXTargetDependency */,
			);
			name = AppcentNewsAppTests;
			productName = AppcentNewsAppTests;
			productReference = C0E536A9284BF5CF00E93762 /* AppcentNewsAppTests.xctest */;
			productType = "com.apple.product-type.bundle.unit-test";
		};
		C0E536B2284BF5CF00E93762 /* AppcentNewsAppUITests */ = {
			isa = PBXNativeTarget;
			buildConfigurationList = C0E536C3284BF5CF00E93762 /* Build configuration list for PBXNativeTarget "AppcentNewsAppUITests" */;
			buildPhases = (
				C0E536AF284BF5CF00E93762 /* Sources */,
				C0E536B0284BF5CF00E93762 /* Frameworks */,
				C0E536B1284BF5CF00E93762 /* Resources */,
			);
			buildRules = (
			);
			dependencies = (
				C0E536B5284BF5CF00E93762 /* PBXTargetDependency */,
			);
			name = AppcentNewsAppUITests;
			productName = AppcentNewsAppUITests;
			productReference = C0E536B3284BF5CF00E93762 /* AppcentNewsAppUITests.xctest */;
			productType = "com.apple.product-type.bundle.ui-testing";
		};
/* End PBXNativeTarget section */

/* Begin PBXProject section */
		C0E5368B284BF5CD00E93762 /* Project object */ = {
			isa = PBXProject;
			attributes = {
				BuildIndependentTargetsInParallel = 1;
				LastSwiftUpdateCheck = 1300;
				LastUpgradeCheck = 1300;
				TargetAttributes = {
					C0E53692284BF5CD00E93762 = {
						CreatedOnToolsVersion = 13.0;
					};
					C0E536A8284BF5CF00E93762 = {
						CreatedOnToolsVersion = 13.0;
						TestTargetID = C0E53692284BF5CD00E93762;
					};
					C0E536B2284BF5CF00E93762 = {
						CreatedOnToolsVersion = 13.0;
						TestTargetID = C0E53692284BF5CD00E93762;
					};
				};
			};
			buildConfigurationList = C0E5368E284BF5CD00E93762 /* Build configuration list for PBXProject "AppcentNewsApp" */;
			compatibilityVersion = "Xcode 13.0";
			developmentRegion = en;
			hasScannedForEncodings = 0;
			knownRegions = (
				en,
				Base,
				tr,
			);
			mainGroup = C0E5368A284BF5CD00E93762;
			productRefGroup = C0E53694284BF5CD00E93762 /* Products */;
			projectDirPath = "";
			projectReferences = (
				{
					ProductGroup = C0E536D1284BFD1900E93762 /* Products */;
					ProjectRef = C0E536D0284BFD1900E93762 /* AppcentNewsAppModel.xcodeproj */;
				},
				{
					ProductGroup = C0E536C8284BFD1500E93762 /* Products */;
					ProjectRef = C0E536C7284BFD1500E93762 /* AppcentNewsAppService.xcodeproj */;
				},
				{
					ProductGroup = C0E536E0284BFD2200E93762 /* Products */;
					ProjectRef = C0E536DF284BFD2200E93762 /* Core.xcodeproj */;
				},
				{
					ProductGroup = C0E536D7284BFD1E00E93762 /* Products */;
					ProjectRef = C0E536D6284BFD1E00E93762 /* Networking.xcodeproj */;
				},
			);
			projectRoot = "";
			targets = (
				C0E53692284BF5CD00E93762 /* AppcentNewsApp */,
				C0E536A8284BF5CF00E93762 /* AppcentNewsAppTests */,
				C0E536B2284BF5CF00E93762 /* AppcentNewsAppUITests */,
			);
		};
/* End PBXProject section */

/* Begin PBXReferenceProxy section */
		C0E536CD284BFD1500E93762 /* AppcentNewsAppService.framework */ = {
			isa = PBXReferenceProxy;
			fileType = wrapper.framework;
			path = AppcentNewsAppService.framework;
			remoteRef = C0E536CC284BFD1500E93762 /* PBXContainerItemProxy */;
			sourceTree = BUILT_PRODUCTS_DIR;
		};
		C0E536CF284BFD1500E93762 /* AppcentNewsAppServiceTests.xctest */ = {
			isa = PBXReferenceProxy;
			fileType = wrapper.cfbundle;
			path = AppcentNewsAppServiceTests.xctest;
			remoteRef = C0E536CE284BFD1500E93762 /* PBXContainerItemProxy */;
			sourceTree = BUILT_PRODUCTS_DIR;
		};
		C0E536D5284BFD1900E93762 /* AppcentNewsAppModel.framework */ = {
			isa = PBXReferenceProxy;
			fileType = wrapper.framework;
			path = AppcentNewsAppModel.framework;
			remoteRef = C0E536D4284BFD1900E93762 /* PBXContainerItemProxy */;
			sourceTree = BUILT_PRODUCTS_DIR;
		};
		C0E536DC284BFD1E00E93762 /* Networking.framework */ = {
			isa = PBXReferenceProxy;
			fileType = wrapper.framework;
			path = Networking.framework;
			remoteRef = C0E536DB284BFD1E00E93762 /* PBXContainerItemProxy */;
			sourceTree = BUILT_PRODUCTS_DIR;
		};
		C0E536DE284BFD1E00E93762 /* NetworkingTests.xctest */ = {
			isa = PBXReferenceProxy;
			fileType = wrapper.cfbundle;
			path = NetworkingTests.xctest;
			remoteRef = C0E536DD284BFD1E00E93762 /* PBXContainerItemProxy */;
			sourceTree = BUILT_PRODUCTS_DIR;
		};
		C0E536E5284BFD2200E93762 /* Core.framework */ = {
			isa = PBXReferenceProxy;
			fileType = wrapper.framework;
			path = Core.framework;
			remoteRef = C0E536E4284BFD2200E93762 /* PBXContainerItemProxy */;
			sourceTree = BUILT_PRODUCTS_DIR;
		};
		C0E536E7284BFD2200E93762 /* CoreTests.xctest */ = {
			isa = PBXReferenceProxy;
			fileType = wrapper.cfbundle;
			path = CoreTests.xctest;
			remoteRef = C0E536E6284BFD2200E93762 /* PBXContainerItemProxy */;
			sourceTree = BUILT_PRODUCTS_DIR;
		};
/* End PBXReferenceProxy section */

/* Begin PBXResourcesBuildPhase section */
		C0E53691284BF5CD00E93762 /* Resources */ = {
			isa = PBXResourcesBuildPhase;
			buildActionMask = 2147483647;
			files = (
				C0E536A3284BF5CF00E93762 /* LaunchScreen.storyboard in Resources */,
				C0E5373A284C0E3400E93762 /* LoadingMoreFooterView.xib in Resources */,
				C0A16B77284C94AA0045D0A8 /* FavoriteList.storyboard in Resources */,
				C0E53731284C094000E93762 /* ArticleList.storyboard in Resources */,
				C0E53706284C03C000E93762 /* Localizable.strings in Resources */,
				C0E53736284C0CAD00E93762 /* ArticleCell.xib in Resources */,
				C0E536A0284BF5CF00E93762 /* Assets.xcassets in Resources */,
				C0E5374E284C16FA00E93762 /* ArticleDetail.storyboard in Resources */,
			);
			runOnlyForDeploymentPostprocessing = 0;
		};
		C0E536A7284BF5CF00E93762 /* Resources */ = {
			isa = PBXResourcesBuildPhase;
			buildActionMask = 2147483647;
			files = (
			);
			runOnlyForDeploymentPostprocessing = 0;
		};
		C0E536B1284BF5CF00E93762 /* Resources */ = {
			isa = PBXResourcesBuildPhase;
			buildActionMask = 2147483647;
			files = (
			);
			runOnlyForDeploymentPostprocessing = 0;
		};
/* End PBXResourcesBuildPhase section */

/* Begin PBXSourcesBuildPhase section */
		C0E5368F284BF5CD00E93762 /* Sources */ = {
			isa = PBXSourcesBuildPhase;
			buildActionMask = 2147483647;
			files = (
				C0E53717284C06E900E93762 /* BaseViewController.swift in Sources */,
				C0E536F7284BFEC200E93762 /* AppRouter.swift in Sources */,
				C0A16B6C284C90FE0045D0A8 /* FavoriteArticle+CoreDataProperties.swift in Sources */,
				C0E53697284BF5CD00E93762 /* AppDelegate.swift in Sources */,
				C0A16B71284C947D0045D0A8 /* FavoriteListViewModel.swift in Sources */,
				C0E53744284C16AB00E93762 /* ArticleDetailContracts.swift in Sources */,
				C0E5372F284C093500E93762 /* ArticleListViewModel.swift in Sources */,
				C0E536FF284C000900E93762 /* ThemeObject.swift in Sources */,
				C0A16B63284C8BC20045D0A8 /* Util.swift in Sources */,
				C0E53699284BF5CD00E93762 /* SceneDelegate.swift in Sources */,
				C0E536FD284BFFF500E93762 /* ThemeProtocol.swift in Sources */,
				C0E53729284C087500E93762 /* ArticlePresentation+Model.swift in Sources */,
				C0E53748284C16CA00E93762 /* ArticleDetailViewController.swift in Sources */,
				C0E53735284C0CAD00E93762 /* ArticleCell.swift in Sources */,
				C0A16B91284CD7900045D0A8 /* ArticleWebView.swift in Sources */,
				C0A16B6A284C90F00045D0A8 /* FavoriteArticle+CoreDataClass.swift in Sources */,
				C0E5370C284C045400E93762 /* LanguageObject.swift in Sources */,
				C0E53746284C16BA00E93762 /* ArticleDetailBuilder.swift in Sources */,
				C0E53738284C0DF400E93762 /* LoadingMoreFooterView.swift in Sources */,
				C0A16B6F284C94710045D0A8 /* FavoriteListContracts.swift in Sources */,
				C0E53712284C04D600E93762 /* StringExtensions.swift in Sources */,
				C0A16B75284C949A0045D0A8 /* FavoriteListViewController.swift in Sources */,
				C0A16B56284C81A70045D0A8 /* ArticleDetailPresentation+Model.swift in Sources */,
				C0E53724284C07A700E93762 /* ArticleListContracts.swift in Sources */,
				C0E536FA284BFF3300E93762 /* BaseTabBarViewController.swift in Sources */,
				C0E5372B284C08F500E93762 /* ArticleBuilder.swift in Sources */,
				C0E53727284C085000E93762 /* ArticlePresentation.swift in Sources */,
				C0E53702284C002800E93762 /* LightTheme.swift in Sources */,
				C0E5374A284C16D700E93762 /* ArticleDetailViewModel.swift in Sources */,
				C0A16B4D284C81970045D0A8 /* ArticleDetailPresentation.swift in Sources */,
				C0A16B8F284CD77B0045D0A8 /* ArticleSourceView.swift in Sources */,
				C0E536F5284BFEB800E93762 /* AppContainer.swift in Sources */,
				C0E5372D284C092A00E93762 /* ArticleListViewController.swift in Sources */,
				C0E5370E284C047C00E93762 /* LanguageManager.swift in Sources */,
				C0A16B73284C948A0045D0A8 /* FavoriteListBuilder.swift in Sources */,
				C0E53715284C056300E93762 /* Constants.swift in Sources */,
				C0E5373D284C12DC00E93762 /* ImageCaching.swift in Sources */,
				C0A16B66284C904B0045D0A8 /* CoreArticle.xcdatamodeld in Sources */,
			);
			runOnlyForDeploymentPostprocessing = 0;
		};
		C0E536A5284BF5CF00E93762 /* Sources */ = {
			isa = PBXSourcesBuildPhase;
			buildActionMask = 2147483647;
			files = (
				C0E536AE284BF5CF00E93762 /* AppcentNewsAppTests.swift in Sources */,
			);
			runOnlyForDeploymentPostprocessing = 0;
		};
		C0E536AF284BF5CF00E93762 /* Sources */ = {
			isa = PBXSourcesBuildPhase;
			buildActionMask = 2147483647;
			files = (
				C0E536B8284BF5CF00E93762 /* AppcentNewsAppUITests.swift in Sources */,
				C0E536BA284BF5CF00E93762 /* AppcentNewsAppUITestsLaunchTests.swift in Sources */,
			);
			runOnlyForDeploymentPostprocessing = 0;
		};
/* End PBXSourcesBuildPhase section */

/* Begin PBXTargetDependency section */
		C0E536AB284BF5CF00E93762 /* PBXTargetDependency */ = {
			isa = PBXTargetDependency;
			target = C0E53692284BF5CD00E93762 /* AppcentNewsApp */;
			targetProxy = C0E536AA284BF5CF00E93762 /* PBXContainerItemProxy */;
		};
		C0E536B5284BF5CF00E93762 /* PBXTargetDependency */ = {
			isa = PBXTargetDependency;
			target = C0E53692284BF5CD00E93762 /* AppcentNewsApp */;
			targetProxy = C0E536B4284BF5CF00E93762 /* PBXContainerItemProxy */;
		};
/* End PBXTargetDependency section */

/* Begin PBXVariantGroup section */
		C0E536A1284BF5CF00E93762 /* LaunchScreen.storyboard */ = {
			isa = PBXVariantGroup;
			children = (
				C0E536A2284BF5CF00E93762 /* Base */,
				C0E53703284C035F00E93762 /* tr */,
			);
			name = LaunchScreen.storyboard;
			sourceTree = "<group>";
		};
		C0E53708284C03C000E93762 /* Localizable.strings */ = {
			isa = PBXVariantGroup;
			children = (
				C0E53707284C03C000E93762 /* en */,
				C0E53709284C03C300E93762 /* tr */,
			);
			name = Localizable.strings;
			sourceTree = "<group>";
		};
/* End PBXVariantGroup section */

/* Begin XCBuildConfiguration section */
		C0E536BB284BF5CF00E93762 /* Debug */ = {
			isa = XCBuildConfiguration;
			buildSettings = {
				ALWAYS_SEARCH_USER_PATHS = NO;
				CLANG_ANALYZER_LOCALIZABILITY_NONLOCALIZED = YES;
				CLANG_ANALYZER_NONNULL = YES;
				CLANG_ANALYZER_NUMBER_OBJECT_CONVERSION = YES_AGGRESSIVE;
				CLANG_CXX_LANGUAGE_STANDARD = "gnu++17";
				CLANG_CXX_LIBRARY = "libc++";
				CLANG_ENABLE_MODULES = YES;
				CLANG_ENABLE_OBJC_ARC = YES;
				CLANG_ENABLE_OBJC_WEAK = YES;
				CLANG_WARN_BLOCK_CAPTURE_AUTORELEASING = YES;
				CLANG_WARN_BOOL_CONVERSION = YES;
				CLANG_WARN_COMMA = YES;
				CLANG_WARN_CONSTANT_CONVERSION = YES;
				CLANG_WARN_DEPRECATED_OBJC_IMPLEMENTATIONS = YES;
				CLANG_WARN_DIRECT_OBJC_ISA_USAGE = YES_ERROR;
				CLANG_WARN_DOCUMENTATION_COMMENTS = YES;
				CLANG_WARN_EMPTY_BODY = YES;
				CLANG_WARN_ENUM_CONVERSION = YES;
				CLANG_WARN_INFINITE_RECURSION = YES;
				CLANG_WARN_INT_CONVERSION = YES;
				CLANG_WARN_NON_LITERAL_NULL_CONVERSION = YES;
				CLANG_WARN_OBJC_IMPLICIT_RETAIN_SELF = YES;
				CLANG_WARN_OBJC_LITERAL_CONVERSION = YES;
				CLANG_WARN_OBJC_ROOT_CLASS = YES_ERROR;
				CLANG_WARN_QUOTED_INCLUDE_IN_FRAMEWORK_HEADER = YES;
				CLANG_WARN_RANGE_LOOP_ANALYSIS = YES;
				CLANG_WARN_STRICT_PROTOTYPES = YES;
				CLANG_WARN_SUSPICIOUS_MOVE = YES;
				CLANG_WARN_UNGUARDED_AVAILABILITY = YES_AGGRESSIVE;
				CLANG_WARN_UNREACHABLE_CODE = YES;
				CLANG_WARN__DUPLICATE_METHOD_MATCH = YES;
				COPY_PHASE_STRIP = NO;
				DEBUG_INFORMATION_FORMAT = dwarf;
				ENABLE_STRICT_OBJC_MSGSEND = YES;
				ENABLE_TESTABILITY = YES;
				GCC_C_LANGUAGE_STANDARD = gnu11;
				GCC_DYNAMIC_NO_PIC = NO;
				GCC_NO_COMMON_BLOCKS = YES;
				GCC_OPTIMIZATION_LEVEL = 0;
				GCC_PREPROCESSOR_DEFINITIONS = (
					"DEBUG=1",
					"$(inherited)",
				);
				GCC_WARN_64_TO_32_BIT_CONVERSION = YES;
				GCC_WARN_ABOUT_RETURN_TYPE = YES_ERROR;
				GCC_WARN_UNDECLARED_SELECTOR = YES;
				GCC_WARN_UNINITIALIZED_AUTOS = YES_AGGRESSIVE;
				GCC_WARN_UNUSED_FUNCTION = YES;
				GCC_WARN_UNUSED_VARIABLE = YES;
				IPHONEOS_DEPLOYMENT_TARGET = 15.0;
				MTL_ENABLE_DEBUG_INFO = INCLUDE_SOURCE;
				MTL_FAST_MATH = YES;
				ONLY_ACTIVE_ARCH = YES;
				SDKROOT = iphoneos;
				SWIFT_ACTIVE_COMPILATION_CONDITIONS = DEBUG;
				SWIFT_OPTIMIZATION_LEVEL = "-Onone";
			};
			name = Debug;
		};
		C0E536BC284BF5CF00E93762 /* Release */ = {
			isa = XCBuildConfiguration;
			buildSettings = {
				ALWAYS_SEARCH_USER_PATHS = NO;
				CLANG_ANALYZER_LOCALIZABILITY_NONLOCALIZED = YES;
				CLANG_ANALYZER_NONNULL = YES;
				CLANG_ANALYZER_NUMBER_OBJECT_CONVERSION = YES_AGGRESSIVE;
				CLANG_CXX_LANGUAGE_STANDARD = "gnu++17";
				CLANG_CXX_LIBRARY = "libc++";
				CLANG_ENABLE_MODULES = YES;
				CLANG_ENABLE_OBJC_ARC = YES;
				CLANG_ENABLE_OBJC_WEAK = YES;
				CLANG_WARN_BLOCK_CAPTURE_AUTORELEASING = YES;
				CLANG_WARN_BOOL_CONVERSION = YES;
				CLANG_WARN_COMMA = YES;
				CLANG_WARN_CONSTANT_CONVERSION = YES;
				CLANG_WARN_DEPRECATED_OBJC_IMPLEMENTATIONS = YES;
				CLANG_WARN_DIRECT_OBJC_ISA_USAGE = YES_ERROR;
				CLANG_WARN_DOCUMENTATION_COMMENTS = YES;
				CLANG_WARN_EMPTY_BODY = YES;
				CLANG_WARN_ENUM_CONVERSION = YES;
				CLANG_WARN_INFINITE_RECURSION = YES;
				CLANG_WARN_INT_CONVERSION = YES;
				CLANG_WARN_NON_LITERAL_NULL_CONVERSION = YES;
				CLANG_WARN_OBJC_IMPLICIT_RETAIN_SELF = YES;
				CLANG_WARN_OBJC_LITERAL_CONVERSION = YES;
				CLANG_WARN_OBJC_ROOT_CLASS = YES_ERROR;
				CLANG_WARN_QUOTED_INCLUDE_IN_FRAMEWORK_HEADER = YES;
				CLANG_WARN_RANGE_LOOP_ANALYSIS = YES;
				CLANG_WARN_STRICT_PROTOTYPES = YES;
				CLANG_WARN_SUSPICIOUS_MOVE = YES;
				CLANG_WARN_UNGUARDED_AVAILABILITY = YES_AGGRESSIVE;
				CLANG_WARN_UNREACHABLE_CODE = YES;
				CLANG_WARN__DUPLICATE_METHOD_MATCH = YES;
				COPY_PHASE_STRIP = NO;
				DEBUG_INFORMATION_FORMAT = "dwarf-with-dsym";
				ENABLE_NS_ASSERTIONS = NO;
				ENABLE_STRICT_OBJC_MSGSEND = YES;
				GCC_C_LANGUAGE_STANDARD = gnu11;
				GCC_NO_COMMON_BLOCKS = YES;
				GCC_WARN_64_TO_32_BIT_CONVERSION = YES;
				GCC_WARN_ABOUT_RETURN_TYPE = YES_ERROR;
				GCC_WARN_UNDECLARED_SELECTOR = YES;
				GCC_WARN_UNINITIALIZED_AUTOS = YES_AGGRESSIVE;
				GCC_WARN_UNUSED_FUNCTION = YES;
				GCC_WARN_UNUSED_VARIABLE = YES;
				IPHONEOS_DEPLOYMENT_TARGET = 15.0;
				MTL_ENABLE_DEBUG_INFO = NO;
				MTL_FAST_MATH = YES;
				SDKROOT = iphoneos;
				SWIFT_COMPILATION_MODE = wholemodule;
				SWIFT_OPTIMIZATION_LEVEL = "-O";
				VALIDATE_PRODUCT = YES;
			};
			name = Release;
		};
		C0E536BE284BF5CF00E93762 /* Debug */ = {
			isa = XCBuildConfiguration;
			buildSettings = {
				ASSETCATALOG_COMPILER_APPICON_NAME = AppIcon;
				ASSETCATALOG_COMPILER_GLOBAL_ACCENT_COLOR_NAME = AccentColor;
				CODE_SIGN_STYLE = Automatic;
				CURRENT_PROJECT_VERSION = 1;
				DEVELOPMENT_TEAM = 3WPTWPU2W5;
				GENERATE_INFOPLIST_FILE = YES;
				INFOPLIST_FILE = AppcentNewsApp/Resources/Info.plist;
				INFOPLIST_KEY_UIApplicationSupportsIndirectInputEvents = YES;
				INFOPLIST_KEY_UILaunchStoryboardName = LaunchScreen;
				INFOPLIST_KEY_UISupportedInterfaceOrientations_iPad = "UIInterfaceOrientationPortrait UIInterfaceOrientationPortraitUpsideDown UIInterfaceOrientationLandscapeLeft UIInterfaceOrientationLandscapeRight";
				INFOPLIST_KEY_UISupportedInterfaceOrientations_iPhone = "UIInterfaceOrientationPortrait UIInterfaceOrientationLandscapeLeft UIInterfaceOrientationLandscapeRight";
				LD_RUNPATH_SEARCH_PATHS = (
					"$(inherited)",
					"@executable_path/Frameworks",
				);
				MARKETING_VERSION = 1.0;
				PRODUCT_BUNDLE_IDENTIFIER = gokhandidin.AppcentNewsApp;
				PRODUCT_NAME = "$(TARGET_NAME)";
				SWIFT_EMIT_LOC_STRINGS = YES;
				SWIFT_VERSION = 5.0;
				TARGETED_DEVICE_FAMILY = 1;
			};
			name = Debug;
		};
		C0E536BF284BF5CF00E93762 /* Release */ = {
			isa = XCBuildConfiguration;
			buildSettings = {
				ASSETCATALOG_COMPILER_APPICON_NAME = AppIcon;
				ASSETCATALOG_COMPILER_GLOBAL_ACCENT_COLOR_NAME = AccentColor;
				CODE_SIGN_STYLE = Automatic;
				CURRENT_PROJECT_VERSION = 1;
				DEVELOPMENT_TEAM = 3WPTWPU2W5;
				GENERATE_INFOPLIST_FILE = YES;
				INFOPLIST_FILE = AppcentNewsApp/Resources/Info.plist;
				INFOPLIST_KEY_UIApplicationSupportsIndirectInputEvents = YES;
				INFOPLIST_KEY_UILaunchStoryboardName = LaunchScreen;
				INFOPLIST_KEY_UISupportedInterfaceOrientations_iPad = "UIInterfaceOrientationPortrait UIInterfaceOrientationPortraitUpsideDown UIInterfaceOrientationLandscapeLeft UIInterfaceOrientationLandscapeRight";
				INFOPLIST_KEY_UISupportedInterfaceOrientations_iPhone = "UIInterfaceOrientationPortrait UIInterfaceOrientationLandscapeLeft UIInterfaceOrientationLandscapeRight";
				LD_RUNPATH_SEARCH_PATHS = (
					"$(inherited)",
					"@executable_path/Frameworks",
				);
				MARKETING_VERSION = 1.0;
				PRODUCT_BUNDLE_IDENTIFIER = gokhandidin.AppcentNewsApp;
				PRODUCT_NAME = "$(TARGET_NAME)";
				SWIFT_EMIT_LOC_STRINGS = YES;
				SWIFT_VERSION = 5.0;
				TARGETED_DEVICE_FAMILY = 1;
			};
			name = Release;
		};
		C0E536C1284BF5CF00E93762 /* Debug */ = {
			isa = XCBuildConfiguration;
			buildSettings = {
				ALWAYS_EMBED_SWIFT_STANDARD_LIBRARIES = YES;
				BUNDLE_LOADER = "$(TEST_HOST)";
				CODE_SIGN_STYLE = Automatic;
				CURRENT_PROJECT_VERSION = 1;
				DEVELOPMENT_TEAM = 3WPTWPU2W5;
				GENERATE_INFOPLIST_FILE = YES;
				IPHONEOS_DEPLOYMENT_TARGET = 15.0;
				LD_RUNPATH_SEARCH_PATHS = (
					"$(inherited)",
					"@executable_path/Frameworks",
					"@loader_path/Frameworks",
				);
				MARKETING_VERSION = 1.0;
				PRODUCT_BUNDLE_IDENTIFIER = gokhandidin.AppcentNewsAppTests;
				PRODUCT_NAME = "$(TARGET_NAME)";
				SWIFT_EMIT_LOC_STRINGS = NO;
				SWIFT_VERSION = 5.0;
				TARGETED_DEVICE_FAMILY = "1,2";
				TEST_HOST = "$(BUILT_PRODUCTS_DIR)/AppcentNewsApp.app/AppcentNewsApp";
			};
			name = Debug;
		};
		C0E536C2284BF5CF00E93762 /* Release */ = {
			isa = XCBuildConfiguration;
			buildSettings = {
				ALWAYS_EMBED_SWIFT_STANDARD_LIBRARIES = YES;
				BUNDLE_LOADER = "$(TEST_HOST)";
				CODE_SIGN_STYLE = Automatic;
				CURRENT_PROJECT_VERSION = 1;
				DEVELOPMENT_TEAM = 3WPTWPU2W5;
				GENERATE_INFOPLIST_FILE = YES;
				IPHONEOS_DEPLOYMENT_TARGET = 15.0;
				LD_RUNPATH_SEARCH_PATHS = (
					"$(inherited)",
					"@executable_path/Frameworks",
					"@loader_path/Frameworks",
				);
				MARKETING_VERSION = 1.0;
				PRODUCT_BUNDLE_IDENTIFIER = gokhandidin.AppcentNewsAppTests;
				PRODUCT_NAME = "$(TARGET_NAME)";
				SWIFT_EMIT_LOC_STRINGS = NO;
				SWIFT_VERSION = 5.0;
				TARGETED_DEVICE_FAMILY = "1,2";
				TEST_HOST = "$(BUILT_PRODUCTS_DIR)/AppcentNewsApp.app/AppcentNewsApp";
			};
			name = Release;
		};
		C0E536C4284BF5CF00E93762 /* Debug */ = {
			isa = XCBuildConfiguration;
			buildSettings = {
				ALWAYS_EMBED_SWIFT_STANDARD_LIBRARIES = YES;
				CODE_SIGN_STYLE = Automatic;
				CURRENT_PROJECT_VERSION = 1;
				DEVELOPMENT_TEAM = 3WPTWPU2W5;
				GENERATE_INFOPLIST_FILE = YES;
				LD_RUNPATH_SEARCH_PATHS = (
					"$(inherited)",
					"@executable_path/Frameworks",
					"@loader_path/Frameworks",
				);
				MARKETING_VERSION = 1.0;
				PRODUCT_BUNDLE_IDENTIFIER = gokhandidin.AppcentNewsAppUITests;
				PRODUCT_NAME = "$(TARGET_NAME)";
				SWIFT_EMIT_LOC_STRINGS = NO;
				SWIFT_VERSION = 5.0;
				TARGETED_DEVICE_FAMILY = "1,2";
				TEST_TARGET_NAME = AppcentNewsApp;
			};
			name = Debug;
		};
		C0E536C5284BF5CF00E93762 /* Release */ = {
			isa = XCBuildConfiguration;
			buildSettings = {
				ALWAYS_EMBED_SWIFT_STANDARD_LIBRARIES = YES;
				CODE_SIGN_STYLE = Automatic;
				CURRENT_PROJECT_VERSION = 1;
				DEVELOPMENT_TEAM = 3WPTWPU2W5;
				GENERATE_INFOPLIST_FILE = YES;
				LD_RUNPATH_SEARCH_PATHS = (
					"$(inherited)",
					"@executable_path/Frameworks",
					"@loader_path/Frameworks",
				);
				MARKETING_VERSION = 1.0;
				PRODUCT_BUNDLE_IDENTIFIER = gokhandidin.AppcentNewsAppUITests;
				PRODUCT_NAME = "$(TARGET_NAME)";
				SWIFT_EMIT_LOC_STRINGS = NO;
				SWIFT_VERSION = 5.0;
				TARGETED_DEVICE_FAMILY = "1,2";
				TEST_TARGET_NAME = AppcentNewsApp;
			};
			name = Release;
		};
/* End XCBuildConfiguration section */

/* Begin XCConfigurationList section */
		C0E5368E284BF5CD00E93762 /* Build configuration list for PBXProject "AppcentNewsApp" */ = {
			isa = XCConfigurationList;
			buildConfigurations = (
				C0E536BB284BF5CF00E93762 /* Debug */,
				C0E536BC284BF5CF00E93762 /* Release */,
			);
			defaultConfigurationIsVisible = 0;
			defaultConfigurationName = Release;
		};
		C0E536BD284BF5CF00E93762 /* Build configuration list for PBXNativeTarget "AppcentNewsApp" */ = {
			isa = XCConfigurationList;
			buildConfigurations = (
				C0E536BE284BF5CF00E93762 /* Debug */,
				C0E536BF284BF5CF00E93762 /* Release */,
			);
			defaultConfigurationIsVisible = 0;
			defaultConfigurationName = Release;
		};
		C0E536C0284BF5CF00E93762 /* Build configuration list for PBXNativeTarget "AppcentNewsAppTests" */ = {
			isa = XCConfigurationList;
			buildConfigurations = (
				C0E536C1284BF5CF00E93762 /* Debug */,
				C0E536C2284BF5CF00E93762 /* Release */,
			);
			defaultConfigurationIsVisible = 0;
			defaultConfigurationName = Release;
		};
		C0E536C3284BF5CF00E93762 /* Build configuration list for PBXNativeTarget "AppcentNewsAppUITests" */ = {
			isa = XCConfigurationList;
			buildConfigurations = (
				C0E536C4284BF5CF00E93762 /* Debug */,
				C0E536C5284BF5CF00E93762 /* Release */,
			);
			defaultConfigurationIsVisible = 0;
			defaultConfigurationName = Release;
		};
/* End XCConfigurationList section */

/* Begin XCVersionGroup section */
		C0A16B64284C904B0045D0A8 /* CoreArticle.xcdatamodeld */ = {
			isa = XCVersionGroup;
			children = (
				C0A16B65284C904B0045D0A8 /* CoreArticle.xcdatamodel */,
			);
			currentVersion = C0A16B65284C904B0045D0A8 /* CoreArticle.xcdatamodel */;
			path = CoreArticle.xcdatamodeld;
			sourceTree = "<group>";
			versionGroupType = wrapper.xcdatamodel;
		};
/* End XCVersionGroup section */
	};
	rootObject = C0E5368B284BF5CD00E93762 /* Project object */;
}
