// !$*UTF8*$!
{
	archiveVersion = 1;
	classes = {
	};
	objectVersion = 55;
	objects = {

/* Begin PBXBuildFile section */
		C0E53697284BF5CD00E93762 /* AppDelegate.swift in Sources */ = {isa = PBXBuildFile; fileRef = C0E53696284BF5CD00E93762 /* AppDelegate.swift */; };
		C0E53699284BF5CD00E93762 /* SceneDelegate.swift in Sources */ = {isa = PBXBuildFile; fileRef = C0E53698284BF5CD00E93762 /* SceneDelegate.swift */; };
		C0E5369B284BF5CD00E93762 /* ViewController.swift in Sources */ = {isa = PBXBuildFile; fileRef = C0E5369A284BF5CD00E93762 /* ViewController.swift */; };
		C0E5369E284BF5CD00E93762 /* Main.storyboard in Resources */ = {isa = PBXBuildFile; fileRef = C0E5369C284BF5CD00E93762 /* Main.storyboard */; };
		C0E536A0284BF5CF00E93762 /* Assets.xcassets in Resources */ = {isa = PBXBuildFile; fileRef = C0E5369F284BF5CF00E93762 /* Assets.xcassets */; };
		C0E536A3284BF5CF00E93762 /* LaunchScreen.storyboard in Resources */ = {isa = PBXBuildFile; fileRef = C0E536A1284BF5CF00E93762 /* LaunchScreen.storyboard */; };
		C0E536AE284BF5CF00E93762 /* AppcentNewsAppTests.swift in Sources */ = {isa = PBXBuildFile; fileRef = C0E536AD284BF5CF00E93762 /* AppcentNewsAppTests.swift */; };
		C0E536B8284BF5CF00E93762 /* AppcentNewsAppUITests.swift in Sources */ = {isa = PBXBuildFile; fileRef = C0E536B7284BF5CF00E93762 /* AppcentNewsAppUITests.swift */; };
		C0E536BA284BF5CF00E93762 /* AppcentNewsAppUITestsLaunchTests.swift in Sources */ = {isa = PBXBuildFile; fileRef = C0E536B9284BF5CF00E93762 /* AppcentNewsAppUITestsLaunchTests.swift */; };
/* End PBXBuildFile section */

/* Begin PBXContainerItemProxy section */
		C0E536AA284BF5CF00E93762 /* PBXContainerItemProxy */ = {
			isa = PBXContainerItemProxy;
			containerPortal = C0E5368B284BF5CD00E93762 /* Project object */;
			proxyType = 1;
			remoteGlobalIDString = C0E53692284BF5CD00E93762;
			remoteInfo = AppcentNewsApp;
		};
		C0E536B4284BF5CF00E93762 /* PBXContainerItemProxy */ = {
			isa = PBXContainerItemProxy;
			containerPortal = C0E5368B284BF5CD00E93762 /* Project object */;
			proxyType = 1;
			remoteGlobalIDString = C0E53692284BF5CD00E93762;
			remoteInfo = AppcentNewsApp;
		};
/* End PBXContainerItemProxy section */

/* Begin PBXFileReference section */
		C0E53693284BF5CD00E93762 /* AppcentNewsApp.app */ = {isa = PBXFileReference; explicitFileType = wrapper.application; includeInIndex = 0; path = AppcentNewsApp.app; sourceTree = BUILT_PRODUCTS_DIR; };
		C0E53696284BF5CD00E93762 /* AppDelegate.swift */ = {isa = PBXFileReference; lastKnownFileType = sourcecode.swift; path = AppDelegate.swift; sourceTree = "<group>"; };
		C0E53698284BF5CD00E93762 /* SceneDelegate.swift */ = {isa = PBXFileReference; lastKnownFileType = sourcecode.swift; path = SceneDelegate.swift; sourceTree = "<group>"; };
		C0E5369A284BF5CD00E93762 /* ViewController.swift */ = {isa = PBXFileReference; lastKnownFileType = sourcecode.swift; path = ViewController.swift; sourceTree = "<group>"; };
		C0E5369D284BF5CD00E93762 /* Base */ = {isa = PBXFileReference; lastKnownFileType = file.storyboard; name = Base; path = Base.lproj/Main.storyboard; sourceTree = "<group>"; };
		C0E5369F284BF5CF00E93762 /* Assets.xcassets */ = {isa = PBXFileReference; lastKnownFileType = folder.assetcatalog; path = Assets.xcassets; sourceTree = "<group>"; };
		C0E536A2284BF5CF00E93762 /* Base */ = {isa = PBXFileReference; lastKnownFileType = file.storyboard; name = Base; path = Base.lproj/LaunchScreen.storyboard; sourceTree = "<group>"; };
		C0E536A4284BF5CF00E93762 /* Info.plist */ = {isa = PBXFileReference; lastKnownFileType = text.plist.xml; path = Info.plist; sourceTree = "<group>"; };
		C0E536A9284BF5CF00E93762 /* AppcentNewsAppTests.xctest */ = {isa = PBXFileReference; explicitFileType = wrapper.cfbundle; includeInIndex = 0; path = AppcentNewsAppTests.xctest; sourceTree = BUILT_PRODUCTS_DIR; };
		C0E536AD284BF5CF00E93762 /* AppcentNewsAppTests.swift */ = {isa = PBXFileReference; lastKnownFileType = sourcecode.swift; path = AppcentNewsAppTests.swift; sourceTree = "<group>"; };
		C0E536B3284BF5CF00E93762 /* AppcentNewsAppUITests.xctest */ = {isa = PBXFileReference; explicitFileType = wrapper.cfbundle; includeInIndex = 0; path = AppcentNewsAppUITests.xctest; sourceTree = BUILT_PRODUCTS_DIR; };
		C0E536B7284BF5CF00E93762 /* AppcentNewsAppUITests.swift */ = {isa = PBXFileReference; lastKnownFileType = sourcecode.swift; path = AppcentNewsAppUITests.swift; sourceTree = "<group>"; };
		C0E536B9284BF5CF00E93762 /* AppcentNewsAppUITestsLaunchTests.swift */ = {isa = PBXFileReference; lastKnownFileType = sourcecode.swift; path = AppcentNewsAppUITestsLaunchTests.swift; sourceTree = "<group>"; };
/* End PBXFileReference section */

/* Begin PBXFrameworksBuildPhase section */
		C0E53690284BF5CD00E93762 /* Frameworks */ = {
			isa = PBXFrameworksBuildPhase;
			buildActionMask = 2147483647;
			files = (
			);
			runOnlyForDeploymentPostprocessing = 0;
		};
		C0E536A6284BF5CF00E93762 /* Frameworks */ = {
			isa = PBXFrameworksBuildPhase;
			buildActionMask = 2147483647;
			files = (
			);
			runOnlyForDeploymentPostprocessing = 0;
		};
		C0E536B0284BF5CF00E93762 /* Frameworks */ = {
			isa = PBXFrameworksBuildPhase;
			buildActionMask = 2147483647;
			files = (
			);
			runOnlyForDeploymentPostprocessing = 0;
		};
/* End PBXFrameworksBuildPhase section */

/* Begin PBXGroup section */
		C0E5368A284BF5CD00E93762 = {
			isa = PBXGroup;
			children = (
				C0E53695284BF5CD00E93762 /* AppcentNewsApp */,
				C0E536AC284BF5CF00E93762 /* AppcentNewsAppTests */,
				C0E536B6284BF5CF00E93762 /* AppcentNewsAppUITests */,
				C0E53694284BF5CD00E93762 /* Products */,
			);
			sourceTree = "<group>";
		};
		C0E53694284BF5CD00E93762 /* Products */ = {
			isa = PBXGroup;
			children = (
				C0E53693284BF5CD00E93762 /* AppcentNewsApp.app */,
				C0E536A9284BF5CF00E93762 /* AppcentNewsAppTests.xctest */,
				C0E536B3284BF5CF00E93762 /* AppcentNewsAppUITests.xctest */,
			);
			name = Products;
			sourceTree = "<group>";
		};
		C0E53695284BF5CD00E93762 /* AppcentNewsApp */ = {
			isa = PBXGroup;
			children = (
				C0E53696284BF5CD00E93762 /* AppDelegate.swift */,
				C0E53698284BF5CD00E93762 /* SceneDelegate.swift */,
				C0E5369A284BF5CD00E93762 /* ViewController.swift */,
				C0E5369C284BF5CD00E93762 /* Main.storyboard */,
				C0E5369F284BF5CF00E93762 /* Assets.xcassets */,
				C0E536A1284BF5CF00E93762 /* LaunchScreen.storyboard */,
				C0E536A4284BF5CF00E93762 /* Info.plist */,
			);
			path = AppcentNewsApp;
			sourceTree = "<group>";
		};
		C0E536AC284BF5CF00E93762 /* AppcentNewsAppTests */ = {
			isa = PBXGroup;
			children = (
				C0E536AD284BF5CF00E93762 /* AppcentNewsAppTests.swift */,
			);
			path = AppcentNewsAppTests;
			sourceTree = "<group>";
		};
		C0E536B6284BF5CF00E93762 /* AppcentNewsAppUITests */ = {
			isa = PBXGroup;
			children = (
				C0E536B7284BF5CF00E93762 /* AppcentNewsAppUITests.swift */,
				C0E536B9284BF5CF00E93762 /* AppcentNewsAppUITestsLaunchTests.swift */,
			);
			path = AppcentNewsAppUITests;
			sourceTree = "<group>";
		};
/* End PBXGroup section */

/* Begin PBXNativeTarget section */
		C0E53692284BF5CD00E93762 /* AppcentNewsApp */ = {
			isa = PBXNativeTarget;
			buildConfigurationList = C0E536BD284BF5CF00E93762 /* Build configuration list for PBXNativeTarget "AppcentNewsApp" */;
			buildPhases = (
				C0E5368F284BF5CD00E93762 /* Sources */,
				C0E53690284BF5CD00E93762 /* Frameworks */,
				C0E53691284BF5CD00E93762 /* Resources */,
			);
			buildRules = (
			);
			dependencies = (
			);
			name = AppcentNewsApp;
			productName = AppcentNewsApp;
			productReference = C0E53693284BF5CD00E93762 /* AppcentNewsApp.app */;
			productType = "com.apple.product-type.application";
		};
		C0E536A8284BF5CF00E93762 /* AppcentNewsAppTests */ = {
			isa = PBXNativeTarget;
			buildConfigurationList = C0E536C0284BF5CF00E93762 /* Build configuration list for PBXNativeTarget "AppcentNewsAppTests" */;
			buildPhases = (
				C0E536A5284BF5CF00E93762 /* Sources */,
				C0E536A6284BF5CF00E93762 /* Frameworks */,
				C0E536A7284BF5CF00E93762 /* Resources */,
			);
			buildRules = (
			);
			dependencies = (
				C0E536AB284BF5CF00E93762 /* PBXTargetDependency */,
			);
			name = AppcentNewsAppTests;
			productName = AppcentNewsAppTests;
			productReference = C0E536A9284BF5CF00E93762 /* AppcentNewsAppTests.xctest */;
			productType = "com.apple.product-type.bundle.unit-test";
		};
		C0E536B2284BF5CF00E93762 /* AppcentNewsAppUITests */ = {
			isa = PBXNativeTarget;
			buildConfigurationList = C0E536C3284BF5CF00E93762 /* Build configuration list for PBXNativeTarget "AppcentNewsAppUITests" */;
			buildPhases = (
				C0E536AF284BF5CF00E93762 /* Sources */,
				C0E536B0284BF5CF00E93762 /* Frameworks */,
				C0E536B1284BF5CF00E93762 /* Resources */,
			);
			buildRules = (
			);
			dependencies = (
				C0E536B5284BF5CF00E93762 /* PBXTargetDependency */,
			);
			name = AppcentNewsAppUITests;
			productName = AppcentNewsAppUITests;
			productReference = C0E536B3284BF5CF00E93762 /* AppcentNewsAppUITests.xctest */;
			productType = "com.apple.product-type.bundle.ui-testing";
		};
/* End PBXNativeTarget section */

/* Begin PBXProject section */
		C0E5368B284BF5CD00E93762 /* Project object */ = {
			isa = PBXProject;
			attributes = {
				BuildIndependentTargetsInParallel = 1;
				LastSwiftUpdateCheck = 1300;
				LastUpgradeCheck = 1300;
				TargetAttributes = {
					C0E53692284BF5CD00E93762 = {
						CreatedOnToolsVersion = 13.0;
					};
					C0E536A8284BF5CF00E93762 = {
						CreatedOnToolsVersion = 13.0;
						TestTargetID = C0E53692284BF5CD00E93762;
					};
					C0E536B2284BF5CF00E93762 = {
						CreatedOnToolsVersion = 13.0;
						TestTargetID = C0E53692284BF5CD00E93762;
					};
				};
			};
			buildConfigurationList = C0E5368E284BF5CD00E93762 /* Build configuration list for PBXProject "AppcentNewsApp" */;
			compatibilityVersion = "Xcode 13.0";
			developmentRegion = en;
			hasScannedForEncodings = 0;
			knownRegions = (
				en,
				Base,
			);
			mainGroup = C0E5368A284BF5CD00E93762;
			productRefGroup = C0E53694284BF5CD00E93762 /* Products */;
			projectDirPath = "";
			projectRoot = "";
			targets = (
				C0E53692284BF5CD00E93762 /* AppcentNewsApp */,
				C0E536A8284BF5CF00E93762 /* AppcentNewsAppTests */,
				C0E536B2284BF5CF00E93762 /* AppcentNewsAppUITests */,
			);
		};
/* End PBXProject section */

/* Begin PBXResourcesBuildPhase section */
		C0E53691284BF5CD00E93762 /* Resources */ = {
			isa = PBXResourcesBuildPhase;
			buildActionMask = 2147483647;
			files = (
				C0E536A3284BF5CF00E93762 /* LaunchScreen.storyboard in Resources */,
				C0E536A0284BF5CF00E93762 /* Assets.xcassets in Resources */,
				C0E5369E284BF5CD00E93762 /* Main.storyboard in Resources */,
			);
			runOnlyForDeploymentPostprocessing = 0;
		};
		C0E536A7284BF5CF00E93762 /* Resources */ = {
			isa = PBXResourcesBuildPhase;
			buildActionMask = 2147483647;
			files = (
			);
			runOnlyForDeploymentPostprocessing = 0;
		};
		C0E536B1284BF5CF00E93762 /* Resources */ = {
			isa = PBXResourcesBuildPhase;
			buildActionMask = 2147483647;
			files = (
			);
			runOnlyForDeploymentPostprocessing = 0;
		};
/* End PBXResourcesBuildPhase section */

/* Begin PBXSourcesBuildPhase section */
		C0E5368F284BF5CD00E93762 /* Sources */ = {
			isa = PBXSourcesBuildPhase;
			buildActionMask = 2147483647;
			files = (
				C0E5369B284BF5CD00E93762 /* ViewController.swift in Sources */,
				C0E53697284BF5CD00E93762 /* AppDelegate.swift in Sources */,
				C0E53699284BF5CD00E93762 /* SceneDelegate.swift in Sources */,
			);
			runOnlyForDeploymentPostprocessing = 0;
		};
		C0E536A5284BF5CF00E93762 /* Sources */ = {
			isa = PBXSourcesBuildPhase;
			buildActionMask = 2147483647;
			files = (
				C0E536AE284BF5CF00E93762 /* AppcentNewsAppTests.swift in Sources */,
			);
			runOnlyForDeploymentPostprocessing = 0;
		};
		C0E536AF284BF5CF00E93762 /* Sources */ = {
			isa = PBXSourcesBuildPhase;
			buildActionMask = 2147483647;
			files = (
				C0E536B8284BF5CF00E93762 /* AppcentNewsAppUITests.swift in Sources */,
				C0E536BA284BF5CF00E93762 /* AppcentNewsAppUITestsLaunchTests.swift in Sources */,
			);
			runOnlyForDeploymentPostprocessing = 0;
		};
/* End PBXSourcesBuildPhase section */

/* Begin PBXTargetDependency section */
		C0E536AB284BF5CF00E93762 /* PBXTargetDependency */ = {
			isa = PBXTargetDependency;
			target = C0E53692284BF5CD00E93762 /* AppcentNewsApp */;
			targetProxy = C0E536AA284BF5CF00E93762 /* PBXContainerItemProxy */;
		};
		C0E536B5284BF5CF00E93762 /* PBXTargetDependency */ = {
			isa = PBXTargetDependency;
			target = C0E53692284BF5CD00E93762 /* AppcentNewsApp */;
			targetProxy = C0E536B4284BF5CF00E93762 /* PBXContainerItemProxy */;
		};
/* End PBXTargetDependency section */

/* Begin PBXVariantGroup section */
		C0E5369C284BF5CD00E93762 /* Main.storyboard */ = {
			isa = PBXVariantGroup;
			children = (
				C0E5369D284BF5CD00E93762 /* Base */,
			);
			name = Main.storyboard;
			sourceTree = "<group>";
		};
		C0E536A1284BF5CF00E93762 /* LaunchScreen.storyboard */ = {
			isa = PBXVariantGroup;
			children = (
				C0E536A2284BF5CF00E93762 /* Base */,
			);
			name = LaunchScreen.storyboard;
			sourceTree = "<group>";
		};
/* End PBXVariantGroup section */

/* Begin XCBuildConfiguration section */
		C0E536BB284BF5CF00E93762 /* Debug */ = {
			isa = XCBuildConfiguration;
			buildSettings = {
				ALWAYS_SEARCH_USER_PATHS = NO;
				CLANG_ANALYZER_NONNULL = YES;
				CLANG_ANALYZER_NUMBER_OBJECT_CONVERSION = YES_AGGRESSIVE;
				CLANG_CXX_LANGUAGE_STANDARD = "gnu++17";
				CLANG_CXX_LIBRARY = "libc++";
				CLANG_ENABLE_MODULES = YES;
				CLANG_ENABLE_OBJC_ARC = YES;
				CLANG_ENABLE_OBJC_WEAK = YES;
				CLANG_WARN_BLOCK_CAPTURE_AUTORELEASING = YES;
				CLANG_WARN_BOOL_CONVERSION = YES;
				CLANG_WARN_COMMA = YES;
				CLANG_WARN_CONSTANT_CONVERSION = YES;
				CLANG_WARN_DEPRECATED_OBJC_IMPLEMENTATIONS = YES;
				CLANG_WARN_DIRECT_OBJC_ISA_USAGE = YES_ERROR;
				CLANG_WARN_DOCUMENTATION_COMMENTS = YES;
				CLANG_WARN_EMPTY_BODY = YES;
				CLANG_WARN_ENUM_CONVERSION = YES;
				CLANG_WARN_INFINITE_RECURSION = YES;
				CLANG_WARN_INT_CONVERSION = YES;
				CLANG_WARN_NON_LITERAL_NULL_CONVERSION = YES;
				CLANG_WARN_OBJC_IMPLICIT_RETAIN_SELF = YES;
				CLANG_WARN_OBJC_LITERAL_CONVERSION = YES;
				CLANG_WARN_OBJC_ROOT_CLASS = YES_ERROR;
				CLANG_WARN_QUOTED_INCLUDE_IN_FRAMEWORK_HEADER = YES;
				CLANG_WARN_RANGE_LOOP_ANALYSIS = YES;
				CLANG_WARN_STRICT_PROTOTYPES = YES;
				CLANG_WARN_SUSPICIOUS_MOVE = YES;
				CLANG_WARN_UNGUARDED_AVAILABILITY = YES_AGGRESSIVE;
				CLANG_WARN_UNREACHABLE_CODE = YES;
				CLANG_WARN__DUPLICATE_METHOD_MATCH = YES;
				COPY_PHASE_STRIP = NO;
				DEBUG_INFORMATION_FORMAT = dwarf;
				ENABLE_STRICT_OBJC_MSGSEND = YES;
				ENABLE_TESTABILITY = YES;
				GCC_C_LANGUAGE_STANDARD = gnu11;
				GCC_DYNAMIC_NO_PIC = NO;
				GCC_NO_COMMON_BLOCKS = YES;
				GCC_OPTIMIZATION_LEVEL = 0;
				GCC_PREPROCESSOR_DEFINITIONS = (
					"DEBUG=1",
					"$(inherited)",
				);
				GCC_WARN_64_TO_32_BIT_CONVERSION = YES;
				GCC_WARN_ABOUT_RETURN_TYPE = YES_ERROR;
				GCC_WARN_UNDECLARED_SELECTOR = YES;
				GCC_WARN_UNINITIALIZED_AUTOS = YES_AGGRESSIVE;
				GCC_WARN_UNUSED_FUNCTION = YES;
				GCC_WARN_UNUSED_VARIABLE = YES;
				IPHONEOS_DEPLOYMENT_TARGET = 15.0;
				MTL_ENABLE_DEBUG_INFO = INCLUDE_SOURCE;
				MTL_FAST_MATH = YES;
				ONLY_ACTIVE_ARCH = YES;
				SDKROOT = iphoneos;
				SWIFT_ACTIVE_COMPILATION_CONDITIONS = DEBUG;
				SWIFT_OPTIMIZATION_LEVEL = "-Onone";
			};
			name = Debug;
		};
		C0E536BC284BF5CF00E93762 /* Release */ = {
			isa = XCBuildConfiguration;
			buildSettings = {
				ALWAYS_SEARCH_USER_PATHS = NO;
				CLANG_ANALYZER_NONNULL = YES;
				CLANG_ANALYZER_NUMBER_OBJECT_CONVERSION = YES_AGGRESSIVE;
				CLANG_CXX_LANGUAGE_STANDARD = "gnu++17";
				CLANG_CXX_LIBRARY = "libc++";
				CLANG_ENABLE_MODULES = YES;
				CLANG_ENABLE_OBJC_ARC = YES;
				CLANG_ENABLE_OBJC_WEAK = YES;
				CLANG_WARN_BLOCK_CAPTURE_AUTORELEASING = YES;
				CLANG_WARN_BOOL_CONVERSION = YES;
				CLANG_WARN_COMMA = YES;
				CLANG_WARN_CONSTANT_CONVERSION = YES;
				CLANG_WARN_DEPRECATED_OBJC_IMPLEMENTATIONS = YES;
				CLANG_WARN_DIRECT_OBJC_ISA_USAGE = YES_ERROR;
				CLANG_WARN_DOCUMENTATION_COMMENTS = YES;
				CLANG_WARN_EMPTY_BODY = YES;
				CLANG_WARN_ENUM_CONVERSION = YES;
				CLANG_WARN_INFINITE_RECURSION = YES;
				CLANG_WARN_INT_CONVERSION = YES;
				CLANG_WARN_NON_LITERAL_NULL_CONVERSION = YES;
				CLANG_WARN_OBJC_IMPLICIT_RETAIN_SELF = YES;
				CLANG_WARN_OBJC_LITERAL_CONVERSION = YES;
				CLANG_WARN_OBJC_ROOT_CLASS = YES_ERROR;
				CLANG_WARN_QUOTED_INCLUDE_IN_FRAMEWORK_HEADER = YES;
				CLANG_WARN_RANGE_LOOP_ANALYSIS = YES;
				CLANG_WARN_STRICT_PROTOTYPES = YES;
				CLANG_WARN_SUSPICIOUS_MOVE = YES;
				CLANG_WARN_UNGUARDED_AVAILABILITY = YES_AGGRESSIVE;
				CLANG_WARN_UNREACHABLE_CODE = YES;
				CLANG_WARN__DUPLICATE_METHOD_MATCH = YES;
				COPY_PHASE_STRIP = NO;
				DEBUG_INFORMATION_FORMAT = "dwarf-with-dsym";
				ENABLE_NS_ASSERTIONS = NO;
				ENABLE_STRICT_OBJC_MSGSEND = YES;
				GCC_C_LANGUAGE_STANDARD = gnu11;
				GCC_NO_COMMON_BLOCKS = YES;
				GCC_WARN_64_TO_32_BIT_CONVERSION = YES;
				GCC_WARN_ABOUT_RETURN_TYPE = YES_ERROR;
				GCC_WARN_UNDECLARED_SELECTOR = YES;
				GCC_WARN_UNINITIALIZED_AUTOS = YES_AGGRESSIVE;
				GCC_WARN_UNUSED_FUNCTION = YES;
				GCC_WARN_UNUSED_VARIABLE = YES;
				IPHONEOS_DEPLOYMENT_TARGET = 15.0;
				MTL_ENABLE_DEBUG_INFO = NO;
				MTL_FAST_MATH = YES;
				SDKROOT = iphoneos;
				SWIFT_COMPILATION_MODE = wholemodule;
				SWIFT_OPTIMIZATION_LEVEL = "-O";
				VALIDATE_PRODUCT = YES;
			};
			name = Release;
		};
		C0E536BE284BF5CF00E93762 /* Debug */ = {
			isa = XCBuildConfiguration;
			buildSettings = {
				ASSETCATALOG_COMPILER_APPICON_NAME = AppIcon;
				ASSETCATALOG_COMPILER_GLOBAL_ACCENT_COLOR_NAME = AccentColor;
				CODE_SIGN_STYLE = Automatic;
				CURRENT_PROJECT_VERSION = 1;
				DEVELOPMENT_TEAM = 3WPTWPU2W5;
				GENERATE_INFOPLIST_FILE = YES;
				INFOPLIST_FILE = AppcentNewsApp/Info.plist;
				INFOPLIST_KEY_UIApplicationSupportsIndirectInputEvents = YES;
				INFOPLIST_KEY_UILaunchStoryboardName = LaunchScreen;
				INFOPLIST_KEY_UIMainStoryboardFile = Main;
				INFOPLIST_KEY_UISupportedInterfaceOrientations_iPad = "UIInterfaceOrientationPortrait UIInterfaceOrientationPortraitUpsideDown UIInterfaceOrientationLandscapeLeft UIInterfaceOrientationLandscapeRight";
				INFOPLIST_KEY_UISupportedInterfaceOrientations_iPhone = "UIInterfaceOrientationPortrait UIInterfaceOrientationLandscapeLeft UIInterfaceOrientationLandscapeRight";
				LD_RUNPATH_SEARCH_PATHS = (
					"$(inherited)",
					"@executable_path/Frameworks",
				);
				MARKETING_VERSION = 1.0;
				PRODUCT_BUNDLE_IDENTIFIER = gokhandidin.AppcentNewsApp;
				PRODUCT_NAME = "$(TARGET_NAME)";
				SWIFT_EMIT_LOC_STRINGS = YES;
				SWIFT_VERSION = 5.0;
				TARGETED_DEVICE_FAMILY = 1;
			};
			name = Debug;
		};
		C0E536BF284BF5CF00E93762 /* Release */ = {
			isa = XCBuildConfiguration;
			buildSettings = {
				ASSETCATALOG_COMPILER_APPICON_NAME = AppIcon;
				ASSETCATALOG_COMPILER_GLOBAL_ACCENT_COLOR_NAME = AccentColor;
				CODE_SIGN_STYLE = Automatic;
				CURRENT_PROJECT_VERSION = 1;
				DEVELOPMENT_TEAM = 3WPTWPU2W5;
				GENERATE_INFOPLIST_FILE = YES;
				INFOPLIST_FILE = AppcentNewsApp/Info.plist;
				INFOPLIST_KEY_UIApplicationSupportsIndirectInputEvents = YES;
				INFOPLIST_KEY_UILaunchStoryboardName = LaunchScreen;
				INFOPLIST_KEY_UIMainStoryboardFile = Main;
				INFOPLIST_KEY_UISupportedInterfaceOrientations_iPad = "UIInterfaceOrientationPortrait UIInterfaceOrientationPortraitUpsideDown UIInterfaceOrientationLandscapeLeft UIInterfaceOrientationLandscapeRight";
				INFOPLIST_KEY_UISupportedInterfaceOrientations_iPhone = "UIInterfaceOrientationPortrait UIInterfaceOrientationLandscapeLeft UIInterfaceOrientationLandscapeRight";
				LD_RUNPATH_SEARCH_PATHS = (
					"$(inherited)",
					"@executable_path/Frameworks",
				);
				MARKETING_VERSION = 1.0;
				PRODUCT_BUNDLE_IDENTIFIER = gokhandidin.AppcentNewsApp;
				PRODUCT_NAME = "$(TARGET_NAME)";
				SWIFT_EMIT_LOC_STRINGS = YES;
				SWIFT_VERSION = 5.0;
				TARGETED_DEVICE_FAMILY = 1;
			};
			name = Release;
		};
		C0E536C1284BF5CF00E93762 /* Debug */ = {
			isa = XCBuildConfiguration;
			buildSettings = {
				ALWAYS_EMBED_SWIFT_STANDARD_LIBRARIES = YES;
				BUNDLE_LOADER = "$(TEST_HOST)";
				CODE_SIGN_STYLE = Automatic;
				CURRENT_PROJECT_VERSION = 1;
				DEVELOPMENT_TEAM = 3WPTWPU2W5;
				GENERATE_INFOPLIST_FILE = YES;
				IPHONEOS_DEPLOYMENT_TARGET = 15.0;
				LD_RUNPATH_SEARCH_PATHS = (
					"$(inherited)",
					"@executable_path/Frameworks",
					"@loader_path/Frameworks",
				);
				MARKETING_VERSION = 1.0;
				PRODUCT_BUNDLE_IDENTIFIER = gokhandidin.AppcentNewsAppTests;
				PRODUCT_NAME = "$(TARGET_NAME)";
				SWIFT_EMIT_LOC_STRINGS = NO;
				SWIFT_VERSION = 5.0;
				TARGETED_DEVICE_FAMILY = "1,2";
				TEST_HOST = "$(BUILT_PRODUCTS_DIR)/AppcentNewsApp.app/AppcentNewsApp";
			};
			name = Debug;
		};
		C0E536C2284BF5CF00E93762 /* Release */ = {
			isa = XCBuildConfiguration;
			buildSettings = {
				ALWAYS_EMBED_SWIFT_STANDARD_LIBRARIES = YES;
				BUNDLE_LOADER = "$(TEST_HOST)";
				CODE_SIGN_STYLE = Automatic;
				CURRENT_PROJECT_VERSION = 1;
				DEVELOPMENT_TEAM = 3WPTWPU2W5;
				GENERATE_INFOPLIST_FILE = YES;
				IPHONEOS_DEPLOYMENT_TARGET = 15.0;
				LD_RUNPATH_SEARCH_PATHS = (
					"$(inherited)",
					"@executable_path/Frameworks",
					"@loader_path/Frameworks",
				);
				MARKETING_VERSION = 1.0;
				PRODUCT_BUNDLE_IDENTIFIER = gokhandidin.AppcentNewsAppTests;
				PRODUCT_NAME = "$(TARGET_NAME)";
				SWIFT_EMIT_LOC_STRINGS = NO;
				SWIFT_VERSION = 5.0;
				TARGETED_DEVICE_FAMILY = "1,2";
				TEST_HOST = "$(BUILT_PRODUCTS_DIR)/AppcentNewsApp.app/AppcentNewsApp";
			};
			name = Release;
		};
		C0E536C4284BF5CF00E93762 /* Debug */ = {
			isa = XCBuildConfiguration;
			buildSettings = {
				ALWAYS_EMBED_SWIFT_STANDARD_LIBRARIES = YES;
				CODE_SIGN_STYLE = Automatic;
				CURRENT_PROJECT_VERSION = 1;
				DEVELOPMENT_TEAM = 3WPTWPU2W5;
				GENERATE_INFOPLIST_FILE = YES;
				LD_RUNPATH_SEARCH_PATHS = (
					"$(inherited)",
					"@executable_path/Frameworks",
					"@loader_path/Frameworks",
				);
				MARKETING_VERSION = 1.0;
				PRODUCT_BUNDLE_IDENTIFIER = gokhandidin.AppcentNewsAppUITests;
				PRODUCT_NAME = "$(TARGET_NAME)";
				SWIFT_EMIT_LOC_STRINGS = NO;
				SWIFT_VERSION = 5.0;
				TARGETED_DEVICE_FAMILY = "1,2";
				TEST_TARGET_NAME = AppcentNewsApp;
			};
			name = Debug;
		};
		C0E536C5284BF5CF00E93762 /* Release */ = {
			isa = XCBuildConfiguration;
			buildSettings = {
				ALWAYS_EMBED_SWIFT_STANDARD_LIBRARIES = YES;
				CODE_SIGN_STYLE = Automatic;
				CURRENT_PROJECT_VERSION = 1;
				DEVELOPMENT_TEAM = 3WPTWPU2W5;
				GENERATE_INFOPLIST_FILE = YES;
				LD_RUNPATH_SEARCH_PATHS = (
					"$(inherited)",
					"@executable_path/Frameworks",
					"@loader_path/Frameworks",
				);
				MARKETING_VERSION = 1.0;
				PRODUCT_BUNDLE_IDENTIFIER = gokhandidin.AppcentNewsAppUITests;
				PRODUCT_NAME = "$(TARGET_NAME)";
				SWIFT_EMIT_LOC_STRINGS = NO;
				SWIFT_VERSION = 5.0;
				TARGETED_DEVICE_FAMILY = "1,2";
				TEST_TARGET_NAME = AppcentNewsApp;
			};
			name = Release;
		};
/* End XCBuildConfiguration section */

/* Begin XCConfigurationList section */
		C0E5368E284BF5CD00E93762 /* Build configuration list for PBXProject "AppcentNewsApp" */ = {
			isa = XCConfigurationList;
			buildConfigurations = (
				C0E536BB284BF5CF00E93762 /* Debug */,
				C0E536BC284BF5CF00E93762 /* Release */,
			);
			defaultConfigurationIsVisible = 0;
			defaultConfigurationName = Release;
		};
		C0E536BD284BF5CF00E93762 /* Build configuration list for PBXNativeTarget "AppcentNewsApp" */ = {
			isa = XCConfigurationList;
			buildConfigurations = (
				C0E536BE284BF5CF00E93762 /* Debug */,
				C0E536BF284BF5CF00E93762 /* Release */,
			);
			defaultConfigurationIsVisible = 0;
			defaultConfigurationName = Release;
		};
		C0E536C0284BF5CF00E93762 /* Build configuration list for PBXNativeTarget "AppcentNewsAppTests" */ = {
			isa = XCConfigurationList;
			buildConfigurations = (
				C0E536C1284BF5CF00E93762 /* Debug */,
				C0E536C2284BF5CF00E93762 /* Release */,
			);
			defaultConfigurationIsVisible = 0;
			defaultConfigurationName = Release;
		};
		C0E536C3284BF5CF00E93762 /* Build configuration list for PBXNativeTarget "AppcentNewsAppUITests" */ = {
			isa = XCConfigurationList;
			buildConfigurations = (
				C0E536C4284BF5CF00E93762 /* Debug */,
				C0E536C5284BF5CF00E93762 /* Release */,
			);
			defaultConfigurationIsVisible = 0;
			defaultConfigurationName = Release;
		};
/* End XCConfigurationList section */
	};
	rootObject = C0E5368B284BF5CD00E93762 /* Project object */;
}
